// !$*UTF8*$!
{
	archiveVersion = 1;
	classes = {
	};
	objectVersion = 77;
	objects = {

/* Begin PBXBuildFile section */
		12242E2D2F933CA400690095 /* TypoConverter.swift in Sources */ = {isa = PBXBuildFile; fileRef = 12242E2C2F933CA300690095 /* TypoConverter.swift */; };
		122AA3F12F9DA544006297F4 /* ClickHigh.mp3 in Resources */ = {isa = PBXBuildFile; fileRef = 122AA3EF2F9DA544006297F4 /* ClickHigh.mp3 */; };
		122AA3F22F9DA544006297F4 /* ClickLow.mp3 in Resources */ = {isa = PBXBuildFile; fileRef = 122AA3F02F9DA544006297F4 /* ClickLow.mp3 */; };
		122AA3F42F9DA713006297F4 /* SensoryFeedbackManager.swift in Sources */ = {isa = PBXBuildFile; fileRef = 122AA3F32F9DA6F5006297F4 /* SensoryFeedbackManager.swift */; };
		1257F0BF2F8742E900B8AFEE /* AppMonitor.swift in Sources */ = {isa = PBXBuildFile; fileRef = 1257F0BE2F8742E500B8AFEE /* AppMonitor.swift */; };
		125FF4D22F657FDA005DAB0C /* InputSourceManager.swift in Sources */ = {isa = PBXBuildFile; fileRef = 125FF4D12F657FDA005DAB0C /* InputSourceManager.swift */; };
		125FF4D42F658001005DAB0C /* EventMonitor.swift in Sources */ = {isa = PBXBuildFile; fileRef = 125FF4D32F658001005DAB0C /* EventMonitor.swift */; };
		125FF4D62F658024005DAB0C /* SettingsView.swift in Sources */ = {isa = PBXBuildFile; fileRef = 125FF4D52F658024005DAB0C /* SettingsView.swift */; };
		125FF4D82F658041005DAB0C /* AppDelegate.swift in Sources */ = {isa = PBXBuildFile; fileRef = 125FF4D72F658041005DAB0C /* AppDelegate.swift */; };
		125FF50A2F658975005DAB0C /* LangSwitcherApp.swift in Sources */ = {isa = PBXBuildFile; fileRef = 125FF5092F658975005DAB0C /* LangSwitcherApp.swift */; };
		125FF50C2F658D00005DAB0C /* AccessibilityManager.swift in Sources */ = {isa = PBXBuildFile; fileRef = 125FF50B2F658D00005DAB0C /* AccessibilityManager.swift */; };
		125FF5242F6599E0005DAB0C /* Assets.xcassets in Resources */ = {isa = PBXBuildFile; fileRef = 129E052E2F657B6A00F34ABE /* Assets.xcassets */; };
		126A3D6D2F94673500DC62F0 /* HyperKeyManager.swift in Sources */ = {isa = PBXBuildFile; fileRef = 126A3D6C2F94673200DC62F0 /* HyperKeyManager.swift */; };
		126B6F3C2F9DD96A000C9ABD /* EdgeGlowManager.swift in Sources */ = {isa = PBXBuildFile; fileRef = 126B6F3B2F9DD965000C9ABD /* EdgeGlowManager.swift */; };
		12744D572F89E66C0033C06A /* UpdateManager.swift in Sources */ = {isa = PBXBuildFile; fileRef = 12744D562F89E66A0033C06A /* UpdateManager.swift */; };
		1299307A2F679EBC00878827 /* SettingsManager.swift in Sources */ = {isa = PBXBuildFile; fileRef = 129930792F679EBC00878827 /* SettingsManager.swift */; };
		129D74D42FA4329400227AD9 /* StatsManager.swift in Sources */ = {isa = PBXBuildFile; fileRef = 129D74D32FA4329100227AD9 /* StatsManager.swift */; };
		12C737C82F9C5E5F00FF6CE1 /* WindowMonitor.swift in Sources */ = {isa = PBXBuildFile; fileRef = 12C737C72F9C5E5D00FF6CE1 /* WindowMonitor.swift */; };
		12C9C1F62F8B5FDE00A1A99E /* HUDManager.swift in Sources */ = {isa = PBXBuildFile; fileRef = 12C9C1F52F8B5FDA00A1A99E /* HUDManager.swift */; };
		12F080502F679423005A8424 /* ServiceManagement.framework in Frameworks */ = {isa = PBXBuildFile; fileRef = 12F0804F2F679423005A8424 /* ServiceManagement.framework */; };
		12F080522F67942F005A8424 /* Carbon.framework in Frameworks */ = {isa = PBXBuildFile; fileRef = 12F080512F67942F005A8424 /* Carbon.framework */; };
		12F1EF5B2F67B98A003B94B0 /* Localizable.xcstrings in Resources */ = {isa = PBXBuildFile; fileRef = 12F1EF5A2F67B98A003B94B0 /* Localizable.xcstrings */; };
		12F1EF5D2F67BDD3003B94B0 /* InfoPlist.xcstrings in Resources */ = {isa = PBXBuildFile; fileRef = 12F1EF5C2F67BDD3003B94B0 /* InfoPlist.xcstrings */; };
/* End PBXBuildFile section */

/* Begin PBXFileReference section */
		12242E2C2F933CA300690095 /* TypoConverter.swift */ = {isa = PBXFileReference; lastKnownFileType = sourcecode.swift; path = TypoConverter.swift; sourceTree = "<group>"; };
		122AA3EF2F9DA544006297F4 /* ClickHigh.mp3 */ = {isa = PBXFileReference; lastKnownFileType = audio.mp3; path = ClickHigh.mp3; sourceTree = "<group>"; };
		122AA3F02F9DA544006297F4 /* ClickLow.mp3 */ = {isa = PBXFileReference; lastKnownFileType = audio.mp3; path = ClickLow.mp3; sourceTree = "<group>"; };
		122AA3F32F9DA6F5006297F4 /* SensoryFeedbackManager.swift */ = {isa = PBXFileReference; lastKnownFileType = sourcecode.swift; path = SensoryFeedbackManager.swift; sourceTree = "<group>"; };
		1239486B2F9C990D00980FAF /* LangSwitcher.entitlements */ = {isa = PBXFileReference; lastKnownFileType = text.plist.entitlements; path = LangSwitcher.entitlements; sourceTree = "<group>"; };
		1257F0BE2F8742E500B8AFEE /* AppMonitor.swift */ = {isa = PBXFileReference; lastKnownFileType = sourcecode.swift; path = AppMonitor.swift; sourceTree = "<group>"; };
		125FF4D12F657FDA005DAB0C /* InputSourceManager.swift */ = {isa = PBXFileReference; lastKnownFileType = sourcecode.swift; path = InputSourceManager.swift; sourceTree = "<group>"; };
		125FF4D32F658001005DAB0C /* EventMonitor.swift */ = {isa = PBXFileReference; lastKnownFileType = sourcecode.swift; path = EventMonitor.swift; sourceTree = "<group>"; };
		125FF4D52F658024005DAB0C /* SettingsView.swift */ = {isa = PBXFileReference; lastKnownFileType = sourcecode.swift; path = SettingsView.swift; sourceTree = "<group>"; };
		125FF4D72F658041005DAB0C /* AppDelegate.swift */ = {isa = PBXFileReference; lastKnownFileType = sourcecode.swift; path = AppDelegate.swift; sourceTree = "<group>"; };
		125FF5092F658975005DAB0C /* LangSwitcherApp.swift */ = {isa = PBXFileReference; lastKnownFileType = sourcecode.swift; path = LangSwitcherApp.swift; sourceTree = "<group>"; };
		125FF50B2F658D00005DAB0C /* AccessibilityManager.swift */ = {isa = PBXFileReference; lastKnownFileType = sourcecode.swift; path = AccessibilityManager.swift; sourceTree = "<group>"; };
		126A3D6C2F94673200DC62F0 /* HyperKeyManager.swift */ = {isa = PBXFileReference; lastKnownFileType = sourcecode.swift; path = HyperKeyManager.swift; sourceTree = "<group>"; };
		126B6F3B2F9DD965000C9ABD /* EdgeGlowManager.swift */ = {isa = PBXFileReference; lastKnownFileType = sourcecode.swift; path = EdgeGlowManager.swift; sourceTree = "<group>"; };
		12744D562F89E66A0033C06A /* UpdateManager.swift */ = {isa = PBXFileReference; lastKnownFileType = sourcecode.swift; path = UpdateManager.swift; sourceTree = "<group>"; };
		129930792F679EBC00878827 /* SettingsManager.swift */ = {isa = PBXFileReference; lastKnownFileType = sourcecode.swift; path = SettingsManager.swift; sourceTree = "<group>"; };
		129D74D32FA4329100227AD9 /* StatsManager.swift */ = {isa = PBXFileReference; lastKnownFileType = sourcecode.swift; path = StatsManager.swift; sourceTree = "<group>"; };
		129E05202F657B5200F34ABE /* LangSwitcher.app */ = {isa = PBXFileReference; explicitFileType = wrapper.application; includeInIndex = 0; path = LangSwitcher.app; sourceTree = BUILT_PRODUCTS_DIR; };
		129E052E2F657B6A00F34ABE /* Assets.xcassets */ = {isa = PBXFileReference; lastKnownFileType = folder.assetcatalog; path = Assets.xcassets; sourceTree = "<group>"; };
		129E05322F657E1600F34ABE /* Info.plist */ = {isa = PBXFileReference; lastKnownFileType = text.plist; path = Info.plist; sourceTree = "<group>"; };
		12C737C72F9C5E5D00FF6CE1 /* WindowMonitor.swift */ = {isa = PBXFileReference; lastKnownFileType = sourcecode.swift; path = WindowMonitor.swift; sourceTree = "<group>"; };
		12C9C1F52F8B5FDA00A1A99E /* HUDManager.swift */ = {isa = PBXFileReference; lastKnownFileType = sourcecode.swift; path = HUDManager.swift; sourceTree = "<group>"; };
		12F0804F2F679423005A8424 /* ServiceManagement.framework */ = {isa = PBXFileReference; lastKnownFileType = wrapper.framework; name = ServiceManagement.framework; path = System/Library/Frameworks/ServiceManagement.framework; sourceTree = SDKROOT; };
		12F080512F67942F005A8424 /* Carbon.framework */ = {isa = PBXFileReference; lastKnownFileType = wrapper.framework; name = Carbon.framework; path = System/Library/Frameworks/Carbon.framework; sourceTree = SDKROOT; };
		12F1EF5A2F67B98A003B94B0 /* Localizable.xcstrings */ = {isa = PBXFileReference; lastKnownFileType = text.json.xcstrings; path = Localizable.xcstrings; sourceTree = "<group>"; };
		12F1EF5C2F67BDD3003B94B0 /* InfoPlist.xcstrings */ = {isa = PBXFileReference; lastKnownFileType = text.json.xcstrings; path = InfoPlist.xcstrings; sourceTree = "<group>"; };
/* End PBXFileReference section */

/* Begin PBXFileSystemSynchronizedRootGroup section */
		12CCEA7F2F8CAAF2007FBD74 /* Settings */ = {
			isa = PBXFileSystemSynchronizedRootGroup;
			path = Settings;
			sourceTree = "<group>";
		};
/* End PBXFileSystemSynchronizedRootGroup section */

/* Begin PBXFrameworksBuildPhase section */
		129E051D2F657B5200F34ABE /* Frameworks */ = {
			isa = PBXFrameworksBuildPhase;
			buildActionMask = 2147483647;
			files = (
				12F080522F67942F005A8424 /* Carbon.framework in Frameworks */,
				12F080502F679423005A8424 /* ServiceManagement.framework in Frameworks */,
			);
			runOnlyForDeploymentPostprocessing = 0;
		};
/* End PBXFrameworksBuildPhase section */

/* Begin PBXGroup section */
		125FF4C92F657EFF005DAB0C /* App */ = {
			isa = PBXGroup;
			children = (
				125FF4D72F658041005DAB0C /* AppDelegate.swift */,
				125FF5092F658975005DAB0C /* LangSwitcherApp.swift */,
			);
			path = App;
			sourceTree = "<group>";
		};
		125FF4CA2F657F10005DAB0C /* Models */ = {
			isa = PBXGroup;
			children = (
				129D74D32FA4329100227AD9 /* StatsManager.swift */,
				126A3D6C2F94673200DC62F0 /* HyperKeyManager.swift */,
				12242E2C2F933CA300690095 /* TypoConverter.swift */,
				12C9C1F52F8B5FDA00A1A99E /* HUDManager.swift */,
				12744D562F89E66A0033C06A /* UpdateManager.swift */,
				125FF4D12F657FDA005DAB0C /* InputSourceManager.swift */,
				125FF50B2F658D00005DAB0C /* AccessibilityManager.swift */,
				129930792F679EBC00878827 /* SettingsManager.swift */,
			);
			path = Models;
			sourceTree = "<group>";
		};
		125FF4CB2F657F1A005DAB0C /* Controllers */ = {
			isa = PBXGroup;
			children = (
				126B6F3B2F9DD965000C9ABD /* EdgeGlowManager.swift */,
				122AA3F32F9DA6F5006297F4 /* SensoryFeedbackManager.swift */,
				12C737C72F9C5E5D00FF6CE1 /* WindowMonitor.swift */,
				1257F0BE2F8742E500B8AFEE /* AppMonitor.swift */,
				125FF4D32F658001005DAB0C /* EventMonitor.swift */,
			);
			path = Controllers;
			sourceTree = "<group>";
		};
		125FF4CC2F657F22005DAB0C /* Views */ = {
			isa = PBXGroup;
			children = (
				12CCEA7F2F8CAAF2007FBD74 /* Settings */,
				125FF4D52F658024005DAB0C /* SettingsView.swift */,
			);
			path = Views;
			sourceTree = "<group>";
		};
		125FF4D92F6580DE005DAB0C /* AppIcon */ = {
			isa = PBXGroup;
			children = (
			);
			path = AppIcon;
			sourceTree = "<group>";
		};
		1280BFF12FA1AFA6007FE696 /* Assets */ = {
			isa = PBXGroup;
			children = (
				1280BFF22FA1AFD7007FE696 /* Audiio */,
				125FF4D92F6580DE005DAB0C /* AppIcon */,
			);
			path = Assets;
			sourceTree = "<group>";
		};
		1280BFF22FA1AFD7007FE696 /* Audiio */ = {
			isa = PBXGroup;
			children = (
				122AA3EF2F9DA544006297F4 /* ClickHigh.mp3 */,
				122AA3F02F9DA544006297F4 /* ClickLow.mp3 */,
			);
			path = Audiio;
			sourceTree = "<group>";
		};
		129E05172F657B5200F34ABE = {
			isa = PBXGroup;
			children = (
				129E05312F657B6A00F34ABE /* LangSwitcher */,
				12F0804E2F679423005A8424 /* Frameworks */,
				129E05212F657B5200F34ABE /* Products */,
			);
			sourceTree = "<group>";
		};
		129E05212F657B5200F34ABE /* Products */ = {
			isa = PBXGroup;
			children = (
				129E05202F657B5200F34ABE /* LangSwitcher.app */,
			);
			name = Products;
			sourceTree = "<group>";
		};
		129E05312F657B6A00F34ABE /* LangSwitcher */ = {
			isa = PBXGroup;
			children = (
				1280BFF12FA1AFA6007FE696 /* Assets */,
				1239486B2F9C990D00980FAF /* LangSwitcher.entitlements */,
				125FF4CC2F657F22005DAB0C /* Views */,
				125FF4CB2F657F1A005DAB0C /* Controllers */,
				125FF4CA2F657F10005DAB0C /* Models */,
				125FF4C92F657EFF005DAB0C /* App */,
				129E05322F657E1600F34ABE /* Info.plist */,
				129E052E2F657B6A00F34ABE /* Assets.xcassets */,
				12F1EF5A2F67B98A003B94B0 /* Localizable.xcstrings */,
				12F1EF5C2F67BDD3003B94B0 /* InfoPlist.xcstrings */,
			);
			path = LangSwitcher;
			sourceTree = "<group>";
		};
		12F0804E2F679423005A8424 /* Frameworks */ = {
			isa = PBXGroup;
			children = (
				12F080512F67942F005A8424 /* Carbon.framework */,
				12F0804F2F679423005A8424 /* ServiceManagement.framework */,
			);
			name = Frameworks;
			sourceTree = "<group>";
		};
/* End PBXGroup section */

/* Begin PBXNativeTarget section */
		129E051F2F657B5200F34ABE /* LangSwitcher */ = {
			isa = PBXNativeTarget;
			buildConfigurationList = 129E052B2F657B5400F34ABE /* Build configuration list for PBXNativeTarget "LangSwitcher" */;
			buildPhases = (
				129E051C2F657B5200F34ABE /* Sources */,
				129E051D2F657B5200F34ABE /* Frameworks */,
				129E051E2F657B5200F34ABE /* Resources */,
			);
			buildRules = (
			);
			dependencies = (
			);
			fileSystemSynchronizedGroups = (
				12CCEA7F2F8CAAF2007FBD74 /* Settings */,
			);
			name = LangSwitcher;
			packageProductDependencies = (
			);
			productName = LangSwitcher;
			productReference = 129E05202F657B5200F34ABE /* LangSwitcher.app */;
			productType = "com.apple.product-type.application";
		};
/* End PBXNativeTarget section */

/* Begin PBXProject section */
		129E05182F657B5200F34ABE /* Project object */ = {
			isa = PBXProject;
			attributes = {
				BuildIndependentTargetsInParallel = 1;
				LastSwiftUpdateCheck = 2630;
				LastUpgradeCheck = 2640;
				TargetAttributes = {
					129E051F2F657B5200F34ABE = {
						CreatedOnToolsVersion = 26.3;
						LastSwiftMigration = 2630;
					};
				};
			};
			buildConfigurationList = 129E051B2F657B5200F34ABE /* Build configuration list for PBXProject "LangSwitcher" */;
			developmentRegion = en;
			hasScannedForEncodings = 0;
			knownRegions = (
				en,
				Base,
				ko,
			);
			mainGroup = 129E05172F657B5200F34ABE;
			minimizedProjectReferenceProxies = 1;
			preferredProjectObjectVersion = 77;
			productRefGroup = 129E05212F657B5200F34ABE /* Products */;
			projectDirPath = "";
			projectRoot = "";
			targets = (
				129E051F2F657B5200F34ABE /* LangSwitcher */,
			);
		};
/* End PBXProject section */

/* Begin PBXResourcesBuildPhase section */
		129E051E2F657B5200F34ABE /* Resources */ = {
			isa = PBXResourcesBuildPhase;
			buildActionMask = 2147483647;
			files = (
				12F1EF5D2F67BDD3003B94B0 /* InfoPlist.xcstrings in Resources */,
				12F1EF5B2F67B98A003B94B0 /* Localizable.xcstrings in Resources */,
				125FF5242F6599E0005DAB0C /* Assets.xcassets in Resources */,
				122AA3F12F9DA544006297F4 /* ClickHigh.mp3 in Resources */,
				122AA3F22F9DA544006297F4 /* ClickLow.mp3 in Resources */,
			);
			runOnlyForDeploymentPostprocessing = 0;
		};
/* End PBXResourcesBuildPhase section */

/* Begin PBXSourcesBuildPhase section */
		129E051C2F657B5200F34ABE /* Sources */ = {
			isa = PBXSourcesBuildPhase;
			buildActionMask = 2147483647;
			files = (
				122AA3F42F9DA713006297F4 /* SensoryFeedbackManager.swift in Sources */,
				125FF4D82F658041005DAB0C /* AppDelegate.swift in Sources */,
				12C737C82F9C5E5F00FF6CE1 /* WindowMonitor.swift in Sources */,
				129D74D42FA4329400227AD9 /* StatsManager.swift in Sources */,
				126A3D6D2F94673500DC62F0 /* HyperKeyManager.swift in Sources */,
				125FF4D62F658024005DAB0C /* SettingsView.swift in Sources */,
				125FF4D22F657FDA005DAB0C /* InputSourceManager.swift in Sources */,
				12242E2D2F933CA400690095 /* TypoConverter.swift in Sources */,
				1299307A2F679EBC00878827 /* SettingsManager.swift in Sources */,
				1257F0BF2F8742E900B8AFEE /* AppMonitor.swift in Sources */,
				125FF4D42F658001005DAB0C /* EventMonitor.swift in Sources */,
				125FF50C2F658D00005DAB0C /* AccessibilityManager.swift in Sources */,
				125FF50A2F658975005DAB0C /* LangSwitcherApp.swift in Sources */,
				126B6F3C2F9DD96A000C9ABD /* EdgeGlowManager.swift in Sources */,
				12744D572F89E66C0033C06A /* UpdateManager.swift in Sources */,
				12C9C1F62F8B5FDE00A1A99E /* HUDManager.swift in Sources */,
			);
			runOnlyForDeploymentPostprocessing = 0;
		};
/* End PBXSourcesBuildPhase section */

/* Begin XCBuildConfiguration section */
		129E05292F657B5400F34ABE /* Debug */ = {
			isa = XCBuildConfiguration;
			buildSettings = {
				ALWAYS_SEARCH_USER_PATHS = NO;
				ASSETCATALOG_COMPILER_GENERATE_SWIFT_ASSET_SYMBOL_EXTENSIONS = YES;
				CLANG_ANALYZER_LOCALIZABILITY_NONLOCALIZED = YES;
				CLANG_ANALYZER_NONNULL = YES;
				CLANG_ANALYZER_NUMBER_OBJECT_CONVERSION = YES_AGGRESSIVE;
				CLANG_CXX_LANGUAGE_STANDARD = "gnu++20";
				CLANG_ENABLE_MODULES = YES;
				CLANG_ENABLE_OBJC_ARC = YES;
				CLANG_ENABLE_OBJC_WEAK = YES;
				CLANG_WARN_BLOCK_CAPTURE_AUTORELEASING = YES;
				CLANG_WARN_BOOL_CONVERSION = YES;
				CLANG_WARN_COMMA = YES;
				CLANG_WARN_CONSTANT_CONVERSION = YES;
				CLANG_WARN_DEPRECATED_OBJC_IMPLEMENTATIONS = YES;
				CLANG_WARN_DIRECT_OBJC_ISA_USAGE = YES_ERROR;
				CLANG_WARN_DOCUMENTATION_COMMENTS = YES;
				CLANG_WARN_EMPTY_BODY = YES;
				CLANG_WARN_ENUM_CONVERSION = YES;
				CLANG_WARN_INFINITE_RECURSION = YES;
				CLANG_WARN_INT_CONVERSION = YES;
				CLANG_WARN_NON_LITERAL_NULL_CONVERSION = YES;
				CLANG_WARN_OBJC_IMPLICIT_RETAIN_SELF = YES;
				CLANG_WARN_OBJC_LITERAL_CONVERSION = YES;
				CLANG_WARN_OBJC_ROOT_CLASS = YES_ERROR;
				CLANG_WARN_QUOTED_INCLUDE_IN_FRAMEWORK_HEADER = YES;
				CLANG_WARN_RANGE_LOOP_ANALYSIS = YES;
				CLANG_WARN_STRICT_PROTOTYPES = YES;
				CLANG_WARN_SUSPICIOUS_MOVE = YES;
				CLANG_WARN_UNGUARDED_AVAILABILITY = YES_AGGRESSIVE;
				CLANG_WARN_UNREACHABLE_CODE = YES;
				CLANG_WARN__DUPLICATE_METHOD_MATCH = YES;
				COPY_PHASE_STRIP = NO;
				DEAD_CODE_STRIPPING = YES;
				DEBUG_INFORMATION_FORMAT = dwarf;
				ENABLE_STRICT_OBJC_MSGSEND = YES;
				ENABLE_TESTABILITY = YES;
				ENABLE_USER_SCRIPT_SANDBOXING = YES;
				EXCLUDED_ARCHS = x86_64;
				GCC_C_LANGUAGE_STANDARD = gnu17;
				GCC_DYNAMIC_NO_PIC = NO;
				GCC_NO_COMMON_BLOCKS = YES;
				GCC_OPTIMIZATION_LEVEL = 0;
				GCC_PREPROCESSOR_DEFINITIONS = (
					"DEBUG=1",
					"$(inherited)",
				);
				GCC_WARN_64_TO_32_BIT_CONVERSION = YES;
				GCC_WARN_ABOUT_RETURN_TYPE = YES_ERROR;
				GCC_WARN_UNDECLARED_SELECTOR = YES;
				GCC_WARN_UNINITIALIZED_AUTOS = YES_AGGRESSIVE;
				GCC_WARN_UNUSED_FUNCTION = YES;
				GCC_WARN_UNUSED_VARIABLE = YES;
				LOCALIZATION_PREFERS_STRING_CATALOGS = YES;
				MACOSX_DEPLOYMENT_TARGET = 13.5;
				MTL_ENABLE_DEBUG_INFO = INCLUDE_SOURCE;
				MTL_FAST_MATH = YES;
				ONLY_ACTIVE_ARCH = YES;
				OTHER_LDFLAGS = "";
				SDKROOT = macosx;
				STRING_CATALOG_GENERATE_SYMBOLS = YES;
				SWIFT_ACTIVE_COMPILATION_CONDITIONS = "DEBUG $(inherited)";
				SWIFT_EMIT_LOC_STRINGS = YES;
				SWIFT_OPTIMIZATION_LEVEL = "-Onone";
			};
			name = Debug;
		};
		129E052A2F657B5400F34ABE /* Release */ = {
			isa = XCBuildConfiguration;
			buildSettings = {
				ALWAYS_SEARCH_USER_PATHS = NO;
				ASSETCATALOG_COMPILER_GENERATE_SWIFT_ASSET_SYMBOL_EXTENSIONS = YES;
				CLANG_ANALYZER_LOCALIZABILITY_NONLOCALIZED = YES;
				CLANG_ANALYZER_NONNULL = YES;
				CLANG_ANALYZER_NUMBER_OBJECT_CONVERSION = YES_AGGRESSIVE;
				CLANG_CXX_LANGUAGE_STANDARD = "gnu++20";
				CLANG_ENABLE_MODULES = YES;
				CLANG_ENABLE_OBJC_ARC = YES;
				CLANG_ENABLE_OBJC_WEAK = YES;
				CLANG_WARN_BLOCK_CAPTURE_AUTORELEASING = YES;
				CLANG_WARN_BOOL_CONVERSION = YES;
				CLANG_WARN_COMMA = YES;
				CLANG_WARN_CONSTANT_CONVERSION = YES;
				CLANG_WARN_DEPRECATED_OBJC_IMPLEMENTATIONS = YES;
				CLANG_WARN_DIRECT_OBJC_ISA_USAGE = YES_ERROR;
				CLANG_WARN_DOCUMENTATION_COMMENTS = YES;
				CLANG_WARN_EMPTY_BODY = YES;
				CLANG_WARN_ENUM_CONVERSION = YES;
				CLANG_WARN_INFINITE_RECURSION = YES;
				CLANG_WARN_INT_CONVERSION = YES;
				CLANG_WARN_NON_LITERAL_NULL_CONVERSION = YES;
				CLANG_WARN_OBJC_IMPLICIT_RETAIN_SELF = YES;
				CLANG_WARN_OBJC_LITERAL_CONVERSION = YES;
				CLANG_WARN_OBJC_ROOT_CLASS = YES_ERROR;
				CLANG_WARN_QUOTED_INCLUDE_IN_FRAMEWORK_HEADER = YES;
				CLANG_WARN_RANGE_LOOP_ANALYSIS = YES;
				CLANG_WARN_STRICT_PROTOTYPES = YES;
				CLANG_WARN_SUSPICIOUS_MOVE = YES;
				CLANG_WARN_UNGUARDED_AVAILABILITY = YES_AGGRESSIVE;
				CLANG_WARN_UNREACHABLE_CODE = YES;
				CLANG_WARN__DUPLICATE_METHOD_MATCH = YES;
				COPY_PHASE_STRIP = NO;
				DEAD_CODE_STRIPPING = YES;
				DEBUG_INFORMATION_FORMAT = "dwarf-with-dsym";
				ENABLE_NS_ASSERTIONS = NO;
				ENABLE_STRICT_OBJC_MSGSEND = YES;
				ENABLE_USER_SCRIPT_SANDBOXING = YES;
				EXCLUDED_ARCHS = x86_64;
				GCC_C_LANGUAGE_STANDARD = gnu17;
				GCC_NO_COMMON_BLOCKS = YES;
				GCC_WARN_64_TO_32_BIT_CONVERSION = YES;
				GCC_WARN_ABOUT_RETURN_TYPE = YES_ERROR;
				GCC_WARN_UNDECLARED_SELECTOR = YES;
				GCC_WARN_UNINITIALIZED_AUTOS = YES_AGGRESSIVE;
				GCC_WARN_UNUSED_FUNCTION = YES;
				GCC_WARN_UNUSED_VARIABLE = YES;
				LOCALIZATION_PREFERS_STRING_CATALOGS = YES;
				MACOSX_DEPLOYMENT_TARGET = 13.5;
				MTL_ENABLE_DEBUG_INFO = NO;
				MTL_FAST_MATH = YES;
				ONLY_ACTIVE_ARCH = NO;
				OTHER_LDFLAGS = "";
				SDKROOT = macosx;
				STRING_CATALOG_GENERATE_SYMBOLS = YES;
				SWIFT_COMPILATION_MODE = wholemodule;
				SWIFT_EMIT_LOC_STRINGS = YES;
			};
			name = Release;
		};
		129E052C2F657B5400F34ABE /* Debug */ = {
			isa = XCBuildConfiguration;
			buildSettings = {
				ASSETCATALOG_COMPILER_APPICON_NAME = AppIcon;
				ASSETCATALOG_COMPILER_GLOBAL_ACCENT_COLOR_NAME = AccentColor;
				CLANG_ENABLE_MODULES = YES;
				CODE_SIGN_ENTITLEMENTS = LangSwitcher/LangSwitcher.entitlements;
				"CODE_SIGN_IDENTITY[sdk=macosx*]" = "Apple Development";
				CODE_SIGN_STYLE = Automatic;
				COMBINE_HIDPI_IMAGES = YES;
				CURRENT_PROJECT_VERSION = 1;
				DEVELOPMENT_TEAM = 8P729AC286;
				ENABLE_APP_SANDBOX = NO;
				ENABLE_PREVIEWS = YES;
				GENERATE_INFOPLIST_FILE = YES;
				INFOPLIST_FILE = LangSwitcher/Info.plist;
				INFOPLIST_KEY_LSApplicationCategoryType = "public.app-category.productivity";
				INFOPLIST_KEY_LSUIElement = YES;
				INFOPLIST_KEY_NSHumanReadableCopyright = "";
				LD_RUNPATH_SEARCH_PATHS = (
					"$(inherited)",
					"@executable_path/../Frameworks",
				);
				MACOSX_DEPLOYMENT_TARGET = 13.5;
				MARKETING_VERSION = 0.7.0;
				ONLY_ACTIVE_ARCH = NO;
				OTHER_LDFLAGS = "";
				PRODUCT_BUNDLE_IDENTIFIER = com.peepboy.LangSwitcher;
				PRODUCT_NAME = "$(TARGET_NAME)";
				REGISTER_APP_GROUPS = YES;
				STRING_CATALOG_GENERATE_SYMBOLS = YES;
				SWIFT_APPROACHABLE_CONCURRENCY = YES;
				SWIFT_DEFAULT_ACTOR_ISOLATION = MainActor;
				SWIFT_EMIT_LOC_STRINGS = YES;
				SWIFT_OBJC_BRIDGING_HEADER = "";
				SWIFT_OPTIMIZATION_LEVEL = "-Onone";
				SWIFT_UPCOMING_FEATURE_MEMBER_IMPORT_VISIBILITY = YES;
				SWIFT_VERSION = 5.0;
			};
			name = Debug;
		};
		129E052D2F657B5400F34ABE /* Release */ = {
			isa = XCBuildConfiguration;
			buildSettings = {
				ASSETCATALOG_COMPILER_APPICON_NAME = AppIcon;
				ASSETCATALOG_COMPILER_GLOBAL_ACCENT_COLOR_NAME = AccentColor;
				CLANG_ENABLE_MODULES = YES;
				CODE_SIGN_ENTITLEMENTS = LangSwitcher/LangSwitcher.entitlements;
				"CODE_SIGN_IDENTITY[sdk=macosx*]" = "Apple Development";
				CODE_SIGN_STYLE = Automatic;
				COMBINE_HIDPI_IMAGES = YES;
				CURRENT_PROJECT_VERSION = 1;
				DEVELOPMENT_TEAM = 8P729AC286;
				ENABLE_APP_SANDBOX = NO;
				ENABLE_PREVIEWS = YES;
				GENERATE_INFOPLIST_FILE = YES;
				INFOPLIST_FILE = LangSwitcher/Info.plist;
				INFOPLIST_KEY_LSApplicationCategoryType = "public.app-category.productivity";
				INFOPLIST_KEY_LSUIElement = YES;
				INFOPLIST_KEY_NSHumanReadableCopyright = "";
				LD_RUNPATH_SEARCH_PATHS = (
					"$(inherited)",
					"@executable_path/../Frameworks",
				);
				MACOSX_DEPLOYMENT_TARGET = 13.5;
				MARKETING_VERSION = 0.7.0;
				ONLY_ACTIVE_ARCH = NO;
				OTHER_LDFLAGS = "";
				PRODUCT_BUNDLE_IDENTIFIER = com.peepboy.LangSwitcher;
				PRODUCT_NAME = "$(TARGET_NAME)";
				REGISTER_APP_GROUPS = YES;
				STRING_CATALOG_GENERATE_SYMBOLS = YES;
				SWIFT_APPROACHABLE_CONCURRENCY = YES;
				SWIFT_DEFAULT_ACTOR_ISOLATION = MainActor;
				SWIFT_EMIT_LOC_STRINGS = YES;
				SWIFT_OBJC_BRIDGING_HEADER = "";
				SWIFT_UPCOMING_FEATURE_MEMBER_IMPORT_VISIBILITY = YES;
				SWIFT_VERSION = 5.0;
			};
			name = Release;
		};
/* End XCBuildConfiguration section */

/* Begin XCConfigurationList section */
		129E051B2F657B5200F34ABE /* Build configuration list for PBXProject "LangSwitcher" */ = {
			isa = XCConfigurationList;
			buildConfigurations = (
				129E05292F657B5400F34ABE /* Debug */,
				129E052A2F657B5400F34ABE /* Release */,
			);
			defaultConfigurationIsVisible = 0;
			defaultConfigurationName = Release;
		};
		129E052B2F657B5400F34ABE /* Build configuration list for PBXNativeTarget "LangSwitcher" */ = {
			isa = XCConfigurationList;
			buildConfigurations = (
				129E052C2F657B5400F34ABE /* Debug */,
				129E052D2F657B5400F34ABE /* Release */,
			);
			defaultConfigurationIsVisible = 0;
			defaultConfigurationName = Release;
		};
/* End XCConfigurationList section */
	};
	rootObject = 129E05182F657B5200F34ABE /* Project object */;
}
