// !$*UTF8*$!
{
	archiveVersion = 1;
	classes = {
	};
	objectVersion = 77;
	objects = {

/* Begin PBXBuildFile section */
		121445462FB1879F00BAD265 /* Simulation.swift in Sources */ = {isa = PBXBuildFile; fileRef = 121445422FB1866000BAD265 /* Simulation.swift */; };
		121445472FB1879F00BAD265 /* ShortcutRecorder.swift in Sources */ = {isa = PBXBuildFile; fileRef = 121445442FB1868900BAD265 /* ShortcutRecorder.swift */; };
		121445482FB1879F00BAD265 /* State.swift in Sources */ = {isa = PBXBuildFile; fileRef = 1214453E2FB1863300BAD265 /* State.swift */; };
		121445492FB1879F00BAD265 /* Handlers.swift in Sources */ = {isa = PBXBuildFile; fileRef = 121445402FB1864900BAD265 /* Handlers.swift */; };
		1220DB552FB15E8C00D8CEAD /* LangSwitcherEnums.swift in Sources */ = {isa = PBXBuildFile; fileRef = 1220DB542FB15E8600D8CEAD /* LangSwitcherEnums.swift */; };
		1220DB572FB15EB600D8CEAD /* LangSwitcherIntents.swift in Sources */ = {isa = PBXBuildFile; fileRef = 1220DB562FB15EB400D8CEAD /* LangSwitcherIntents.swift */; };
		1220DB592FB15EF100D8CEAD /* LangSwitcherShortcuts.swift in Sources */ = {isa = PBXBuildFile; fileRef = 1220DB582FB15EEE00D8CEAD /* LangSwitcherShortcuts.swift */; };
		1222CD8A2FDD1E1800B85A36 /* InputLanguage.swift in Sources */ = {isa = PBXBuildFile; fileRef = 1222CD892FDD1E1600B85A36 /* InputLanguage.swift */; };
		12242E2D2F933CA400690095 /* TypoConverter.swift in Sources */ = {isa = PBXBuildFile; fileRef = 12242E2C2F933CA300690095 /* TypoConverter.swift */; };
		122AA3F12F9DA544006297F4 /* ClickHigh.mp3 in Resources */ = {isa = PBXBuildFile; fileRef = 122AA3EF2F9DA544006297F4 /* ClickHigh.mp3 */; };
		122AA3F22F9DA544006297F4 /* ClickLow.mp3 in Resources */ = {isa = PBXBuildFile; fileRef = 122AA3F02F9DA544006297F4 /* ClickLow.mp3 */; };
		122AA3F42F9DA713006297F4 /* SensoryFeedbackManager.swift in Sources */ = {isa = PBXBuildFile; fileRef = 122AA3F32F9DA6F5006297F4 /* SensoryFeedbackManager.swift */; };
		1241A8C02FAEEC1E0078CD5F /* SettingsModels.swift in Sources */ = {isa = PBXBuildFile; fileRef = 1241A8BF2FAEEC1C0078CD5F /* SettingsModels.swift */; };
		1241A8C22FAEECA10078CD5F /* iCloud.swift in Sources */ = {isa = PBXBuildFile; fileRef = 1241A8C12FAEEC9E0078CD5F /* iCloud.swift */; };
		1241A8C42FAEED310078CD5F /* Backup.swift in Sources */ = {isa = PBXBuildFile; fileRef = 1241A8C32FAEED2F0078CD5F /* Backup.swift */; };
		1241A8C62FAEED780078CD5F /* Cache.swift in Sources */ = {isa = PBXBuildFile; fileRef = 1241A8C52FAEED760078CD5F /* Cache.swift */; };
		1257F0BF2F8742E900B8AFEE /* AppMonitor.swift in Sources */ = {isa = PBXBuildFile; fileRef = 1257F0BE2F8742E500B8AFEE /* AppMonitor.swift */; };
		125FF4D22F657FDA005DAB0C /* InputSourceManager.swift in Sources */ = {isa = PBXBuildFile; fileRef = 125FF4D12F657FDA005DAB0C /* InputSourceManager.swift */; };
		125FF4D42F658001005DAB0C /* EventMonitor.swift in Sources */ = {isa = PBXBuildFile; fileRef = 125FF4D32F658001005DAB0C /* EventMonitor.swift */; };
		125FF4D62F658024005DAB0C /* SettingsView.swift in Sources */ = {isa = PBXBuildFile; fileRef = 125FF4D52F658024005DAB0C /* SettingsView.swift */; };
		125FF4D82F658041005DAB0C /* AppDelegate.swift in Sources */ = {isa = PBXBuildFile; fileRef = 125FF4D72F658041005DAB0C /* AppDelegate.swift */; };
		125FF50A2F658975005DAB0C /* LangSwitcherApp.swift in Sources */ = {isa = PBXBuildFile; fileRef = 125FF5092F658975005DAB0C /* LangSwitcherApp.swift */; };
		125FF50C2F658D00005DAB0C /* AccessibilityManager.swift in Sources */ = {isa = PBXBuildFile; fileRef = 125FF50B2F658D00005DAB0C /* AccessibilityManager.swift */; };
		125FF5242F6599E0005DAB0C /* Assets.xcassets in Resources */ = {isa = PBXBuildFile; fileRef = 129E052E2F657B6A00F34ABE /* Assets.xcassets */; };
		126A3D6D2F94673500DC62F0 /* HyperKeyManager.swift in Sources */ = {isa = PBXBuildFile; fileRef = 126A3D6C2F94673200DC62F0 /* HyperKeyManager.swift */; };
		126B6F3C2F9DD96A000C9ABD /* EdgeGlowManager.swift in Sources */ = {isa = PBXBuildFile; fileRef = 126B6F3B2F9DD965000C9ABD /* EdgeGlowManager.swift */; };
		127329252FBFFEBE00D85255 /* Logger.swift in Sources */ = {isa = PBXBuildFile; fileRef = 127329242FBFFEB900D85255 /* Logger.swift */; };
		12744D572F89E66C0033C06A /* UpdateManager.swift in Sources */ = {isa = PBXBuildFile; fileRef = 12744D562F89E66A0033C06A /* UpdateManager.swift */; };
		1283B3592FB2F3FC00E04E2B /* RulePriorityView.swift in Sources */ = {isa = PBXBuildFile; fileRef = 1283B3582FB2F3FB00E04E2B /* RulePriorityView.swift */; };
		128CF91E2FB439C600B9672C /* DecisionTrace.swift in Sources */ = {isa = PBXBuildFile; fileRef = 128CF91D2FB439C200B9672C /* DecisionTrace.swift */; };
		128CF9202FB439F100B9672C /* DecisionTraceManager.swift in Sources */ = {isa = PBXBuildFile; fileRef = 128CF91F2FB439EC00B9672C /* DecisionTraceManager.swift */; };
		128CF9222FB43A2900B9672C /* TraceFactory.swift in Sources */ = {isa = PBXBuildFile; fileRef = 128CF9212FB43A2600B9672C /* TraceFactory.swift */; };
		128CF9242FB43AE800B9672C /* DebuggerSettingsView.swift in Sources */ = {isa = PBXBuildFile; fileRef = 128CF9232FB43AE200B9672C /* DebuggerSettingsView.swift */; };
		128F407D2FB93CA9009B58AF /* SnippetModels.swift in Sources */ = {isa = PBXBuildFile; fileRef = 128F407C2FB93CA3009B58AF /* SnippetModels.swift */; };
		128F407F2FB93CBD009B58AF /* SnippetTemplateParser.swift in Sources */ = {isa = PBXBuildFile; fileRef = 128F407E2FB93CBA009B58AF /* SnippetTemplateParser.swift */; };
		128F40812FB93CCE009B58AF /* ClipboardProvider.swift in Sources */ = {isa = PBXBuildFile; fileRef = 128F40802FB93CCC009B58AF /* ClipboardProvider.swift */; };
		128F40832FB93D48009B58AF /* SnippetVariableRenderer.swift in Sources */ = {isa = PBXBuildFile; fileRef = 128F40822FB93D45009B58AF /* SnippetVariableRenderer.swift */; };
		128F40852FB946C1009B58AF /* ProfileHeaderView.swift in Sources */ = {isa = PBXBuildFile; fileRef = 128F40842FB946BF009B58AF /* ProfileHeaderView.swift */; };
		128F40872FB946EA009B58AF /* ProfileManagementView.swift in Sources */ = {isa = PBXBuildFile; fileRef = 128F40862FB946E6009B58AF /* ProfileManagementView.swift */; };
		1299307A2F679EBC00878827 /* SettingsManager.swift in Sources */ = {isa = PBXBuildFile; fileRef = 129930792F679EBC00878827 /* SettingsManager.swift */; };
		129D74D42FA4329400227AD9 /* StatsManager.swift in Sources */ = {isa = PBXBuildFile; fileRef = 129D74D32FA4329100227AD9 /* StatsManager.swift */; };
		12A6DB392FB190F50000A927 /* TextExpansionRule.swift in Sources */ = {isa = PBXBuildFile; fileRef = 12A6DB382FB190ED0000A927 /* TextExpansionRule.swift */; };
		12A6DB3B2FB191230000A927 /* TextExpander.swift in Sources */ = {isa = PBXBuildFile; fileRef = 12A6DB3A2FB191030000A927 /* TextExpander.swift */; };
		12B3CA912FB2C78E00C5F49A /* AboutSettingsView.swift in Sources */ = {isa = PBXBuildFile; fileRef = 12B3CA852FB2C78E00C5F49A /* AboutSettingsView.swift */; };
		12B3CA922FB2C78E00C5F49A /* AdvancedSettingsView.swift in Sources */ = {isa = PBXBuildFile; fileRef = 12B3CA862FB2C78E00C5F49A /* AdvancedSettingsView.swift */; };
		12B3CA932FB2C78E00C5F49A /* AppLaunchSettingsView.swift in Sources */ = {isa = PBXBuildFile; fileRef = 12B3CA872FB2C78E00C5F49A /* AppLaunchSettingsView.swift */; };
		12B3CA942FB2C78E00C5F49A /* AppSpecificSettingsView.swift in Sources */ = {isa = PBXBuildFile; fileRef = 12B3CA882FB2C78E00C5F49A /* AppSpecificSettingsView.swift */; };
		12B3CA952FB2C78E00C5F49A /* CustomShortcutsSettingsView.swift in Sources */ = {isa = PBXBuildFile; fileRef = 12B3CA892FB2C78E00C5F49A /* CustomShortcutsSettingsView.swift */; };
		12B3CA962FB2C78E00C5F49A /* DomainRuleSettingsView.swift in Sources */ = {isa = PBXBuildFile; fileRef = 12B3CA8A2FB2C78E00C5F49A /* DomainRuleSettingsView.swift */; };
		12B3CA972FB2C78E00C5F49A /* ExcludedAppsSettingsView.swift in Sources */ = {isa = PBXBuildFile; fileRef = 12B3CA8B2FB2C78E00C5F49A /* ExcludedAppsSettingsView.swift */; };
		12B3CA982FB2C78E00C5F49A /* GeneralSettingsView.swift in Sources */ = {isa = PBXBuildFile; fileRef = 12B3CA8C2FB2C78E00C5F49A /* GeneralSettingsView.swift */; };
		12B3CA992FB2C78E00C5F49A /* SettingsComponents.swift in Sources */ = {isa = PBXBuildFile; fileRef = 12B3CA8D2FB2C78E00C5F49A /* SettingsComponents.swift */; };
		12B3CA9A2FB2C78E00C5F49A /* StatsSettingsView.swift in Sources */ = {isa = PBXBuildFile; fileRef = 12B3CA8E2FB2C78E00C5F49A /* StatsSettingsView.swift */; };
		12B3CA9B2FB2C78E00C5F49A /* TextExpansionSettingsView.swift in Sources */ = {isa = PBXBuildFile; fileRef = 12B3CA8F2FB2C78E00C5F49A /* TextExpansionSettingsView.swift */; };
		12B3CA9C2FB2C78E00C5F49A /* TypoCorrectionSettingsView.swift in Sources */ = {isa = PBXBuildFile; fileRef = 12B3CA902FB2C78E00C5F49A /* TypoCorrectionSettingsView.swift */; };
		12B699572FA71EA800F6B79D /* DomainRule.swift in Sources */ = {isa = PBXBuildFile; fileRef = 12B699562FA71E9D00F6B79D /* DomainRule.swift */; };
		12B699592FA71ED300F6B79D /* DomainRuleManager.swift in Sources */ = {isa = PBXBuildFile; fileRef = 12B699582FA71ED000F6B79D /* DomainRuleManager.swift */; };
		12C6E7F02FA579AA004C7A0A /* BrowserTabManager.swift in Sources */ = {isa = PBXBuildFile; fileRef = 12C6E7EF2FA579A6004C7A0A /* BrowserTabManager.swift */; };
		12C737C82F9C5E5F00FF6CE1 /* WindowMonitor.swift in Sources */ = {isa = PBXBuildFile; fileRef = 12C737C72F9C5E5D00FF6CE1 /* WindowMonitor.swift */; };
		12C9C1F62F8B5FDE00A1A99E /* HUDManager.swift in Sources */ = {isa = PBXBuildFile; fileRef = 12C9C1F52F8B5FDA00A1A99E /* HUDManager.swift */; };
		12F080502F679423005A8424 /* ServiceManagement.framework in Frameworks */ = {isa = PBXBuildFile; fileRef = 12F0804F2F679423005A8424 /* ServiceManagement.framework */; };
		12F080522F67942F005A8424 /* Carbon.framework in Frameworks */ = {isa = PBXBuildFile; fileRef = 12F080512F67942F005A8424 /* Carbon.framework */; };
		12F1EF5B2F67B98A003B94B0 /* Localizable.xcstrings in Resources */ = {isa = PBXBuildFile; fileRef = 12F1EF5A2F67B98A003B94B0 /* Localizable.xcstrings */; };
		12F1EF5D2F67BDD3003B94B0 /* InfoPlist.xcstrings in Resources */ = {isa = PBXBuildFile; fileRef = 12F1EF5C2F67BDD3003B94B0 /* InfoPlist.xcstrings */; };
/* End PBXBuildFile section */

/* Begin PBXContainerItemProxy section */
		12FA98D12FBD3DF2007698BE /* PBXContainerItemProxy */ = {
			isa = PBXContainerItemProxy;
			containerPortal = 129E05182F657B5200F34ABE /* Project object */;
			proxyType = 1;
			remoteGlobalIDString = 129E051F2F657B5200F34ABE;
			remoteInfo = LangSwitcher;
		};
/* End PBXContainerItemProxy section */

/* Begin PBXFileReference section */
		1214453E2FB1863300BAD265 /* State.swift */ = {isa = PBXFileReference; lastKnownFileType = sourcecode.swift; path = State.swift; sourceTree = "<group>"; };
		121445402FB1864900BAD265 /* Handlers.swift */ = {isa = PBXFileReference; lastKnownFileType = sourcecode.swift; path = Handlers.swift; sourceTree = "<group>"; };
		121445422FB1866000BAD265 /* Simulation.swift */ = {isa = PBXFileReference; lastKnownFileType = sourcecode.swift; path = Simulation.swift; sourceTree = "<group>"; };
		121445442FB1868900BAD265 /* ShortcutRecorder.swift */ = {isa = PBXFileReference; lastKnownFileType = sourcecode.swift; path = ShortcutRecorder.swift; sourceTree = "<group>"; };
		1220DB542FB15E8600D8CEAD /* LangSwitcherEnums.swift */ = {isa = PBXFileReference; lastKnownFileType = sourcecode.swift; path = LangSwitcherEnums.swift; sourceTree = "<group>"; };
		1220DB562FB15EB400D8CEAD /* LangSwitcherIntents.swift */ = {isa = PBXFileReference; lastKnownFileType = sourcecode.swift; path = LangSwitcherIntents.swift; sourceTree = "<group>"; };
		1220DB582FB15EEE00D8CEAD /* LangSwitcherShortcuts.swift */ = {isa = PBXFileReference; lastKnownFileType = sourcecode.swift; path = LangSwitcherShortcuts.swift; sourceTree = "<group>"; };
		1222CD892FDD1E1600B85A36 /* InputLanguage.swift */ = {isa = PBXFileReference; lastKnownFileType = sourcecode.swift; path = InputLanguage.swift; sourceTree = "<group>"; };
		12242E2C2F933CA300690095 /* TypoConverter.swift */ = {isa = PBXFileReference; lastKnownFileType = sourcecode.swift; path = TypoConverter.swift; sourceTree = "<group>"; };
		122AA3EF2F9DA544006297F4 /* ClickHigh.mp3 */ = {isa = PBXFileReference; lastKnownFileType = audio.mp3; path = ClickHigh.mp3; sourceTree = "<group>"; };
		122AA3F02F9DA544006297F4 /* ClickLow.mp3 */ = {isa = PBXFileReference; lastKnownFileType = audio.mp3; path = ClickLow.mp3; sourceTree = "<group>"; };
		122AA3F32F9DA6F5006297F4 /* SensoryFeedbackManager.swift */ = {isa = PBXFileReference; lastKnownFileType = sourcecode.swift; path = SensoryFeedbackManager.swift; sourceTree = "<group>"; };
		1239486B2F9C990D00980FAF /* LangSwitcher.entitlements */ = {isa = PBXFileReference; lastKnownFileType = text.plist.entitlements; path = LangSwitcher.entitlements; sourceTree = "<group>"; };
		1241A8BF2FAEEC1C0078CD5F /* SettingsModels.swift */ = {isa = PBXFileReference; lastKnownFileType = sourcecode.swift; path = SettingsModels.swift; sourceTree = "<group>"; };
		1241A8C12FAEEC9E0078CD5F /* iCloud.swift */ = {isa = PBXFileReference; lastKnownFileType = sourcecode.swift; path = iCloud.swift; sourceTree = "<group>"; };
		1241A8C32FAEED2F0078CD5F /* Backup.swift */ = {isa = PBXFileReference; lastKnownFileType = sourcecode.swift; path = Backup.swift; sourceTree = "<group>"; };
		1241A8C52FAEED760078CD5F /* Cache.swift */ = {isa = PBXFileReference; lastKnownFileType = sourcecode.swift; path = Cache.swift; sourceTree = "<group>"; };
		1257F0BE2F8742E500B8AFEE /* AppMonitor.swift */ = {isa = PBXFileReference; lastKnownFileType = sourcecode.swift; path = AppMonitor.swift; sourceTree = "<group>"; };
		125FF4D12F657FDA005DAB0C /* InputSourceManager.swift */ = {isa = PBXFileReference; lastKnownFileType = sourcecode.swift; path = InputSourceManager.swift; sourceTree = "<group>"; };
		125FF4D32F658001005DAB0C /* EventMonitor.swift */ = {isa = PBXFileReference; lastKnownFileType = sourcecode.swift; path = EventMonitor.swift; sourceTree = "<group>"; };
		125FF4D52F658024005DAB0C /* SettingsView.swift */ = {isa = PBXFileReference; lastKnownFileType = sourcecode.swift; path = SettingsView.swift; sourceTree = "<group>"; };
		125FF4D72F658041005DAB0C /* AppDelegate.swift */ = {isa = PBXFileReference; lastKnownFileType = sourcecode.swift; path = AppDelegate.swift; sourceTree = "<group>"; };
		125FF5092F658975005DAB0C /* LangSwitcherApp.swift */ = {isa = PBXFileReference; lastKnownFileType = sourcecode.swift; path = LangSwitcherApp.swift; sourceTree = "<group>"; };
		125FF50B2F658D00005DAB0C /* AccessibilityManager.swift */ = {isa = PBXFileReference; lastKnownFileType = sourcecode.swift; path = AccessibilityManager.swift; sourceTree = "<group>"; };
		126A3D6C2F94673200DC62F0 /* HyperKeyManager.swift */ = {isa = PBXFileReference; lastKnownFileType = sourcecode.swift; path = HyperKeyManager.swift; sourceTree = "<group>"; };
		126B6F3B2F9DD965000C9ABD /* EdgeGlowManager.swift */ = {isa = PBXFileReference; lastKnownFileType = sourcecode.swift; path = EdgeGlowManager.swift; sourceTree = "<group>"; };
		127329242FBFFEB900D85255 /* Logger.swift */ = {isa = PBXFileReference; lastKnownFileType = sourcecode.swift; path = Logger.swift; sourceTree = "<group>"; };
		12744D562F89E66A0033C06A /* UpdateManager.swift */ = {isa = PBXFileReference; lastKnownFileType = sourcecode.swift; path = UpdateManager.swift; sourceTree = "<group>"; };
		1283B3582FB2F3FB00E04E2B /* RulePriorityView.swift */ = {isa = PBXFileReference; lastKnownFileType = sourcecode.swift; path = RulePriorityView.swift; sourceTree = "<group>"; };
		128CF91D2FB439C200B9672C /* DecisionTrace.swift */ = {isa = PBXFileReference; lastKnownFileType = sourcecode.swift; path = DecisionTrace.swift; sourceTree = "<group>"; };
		128CF91F2FB439EC00B9672C /* DecisionTraceManager.swift */ = {isa = PBXFileReference; lastKnownFileType = sourcecode.swift; path = DecisionTraceManager.swift; sourceTree = "<group>"; };
		128CF9212FB43A2600B9672C /* TraceFactory.swift */ = {isa = PBXFileReference; lastKnownFileType = sourcecode.swift; path = TraceFactory.swift; sourceTree = "<group>"; };
		128CF9232FB43AE200B9672C /* DebuggerSettingsView.swift */ = {isa = PBXFileReference; lastKnownFileType = sourcecode.swift; path = DebuggerSettingsView.swift; sourceTree = "<group>"; };
		128F407C2FB93CA3009B58AF /* SnippetModels.swift */ = {isa = PBXFileReference; lastKnownFileType = sourcecode.swift; path = SnippetModels.swift; sourceTree = "<group>"; };
		128F407E2FB93CBA009B58AF /* SnippetTemplateParser.swift */ = {isa = PBXFileReference; lastKnownFileType = sourcecode.swift; path = SnippetTemplateParser.swift; sourceTree = "<group>"; };
		128F40802FB93CCC009B58AF /* ClipboardProvider.swift */ = {isa = PBXFileReference; lastKnownFileType = sourcecode.swift; path = ClipboardProvider.swift; sourceTree = "<group>"; };
		128F40822FB93D45009B58AF /* SnippetVariableRenderer.swift */ = {isa = PBXFileReference; lastKnownFileType = sourcecode.swift; path = SnippetVariableRenderer.swift; sourceTree = "<group>"; };
		128F40842FB946BF009B58AF /* ProfileHeaderView.swift */ = {isa = PBXFileReference; lastKnownFileType = sourcecode.swift; path = ProfileHeaderView.swift; sourceTree = "<group>"; };
		128F40862FB946E6009B58AF /* ProfileManagementView.swift */ = {isa = PBXFileReference; lastKnownFileType = sourcecode.swift; path = ProfileManagementView.swift; sourceTree = "<group>"; };
		129930792F679EBC00878827 /* SettingsManager.swift */ = {isa = PBXFileReference; lastKnownFileType = sourcecode.swift; path = SettingsManager.swift; sourceTree = "<group>"; };
		129D74D32FA4329100227AD9 /* StatsManager.swift */ = {isa = PBXFileReference; lastKnownFileType = sourcecode.swift; path = StatsManager.swift; sourceTree = "<group>"; };
		129E05202F657B5200F34ABE /* LangSwitcher.app */ = {isa = PBXFileReference; explicitFileType = wrapper.application; includeInIndex = 0; path = LangSwitcher.app; sourceTree = BUILT_PRODUCTS_DIR; };
		129E052E2F657B6A00F34ABE /* Assets.xcassets */ = {isa = PBXFileReference; lastKnownFileType = folder.assetcatalog; path = Assets.xcassets; sourceTree = "<group>"; };
		129E05322F657E1600F34ABE /* Info.plist */ = {isa = PBXFileReference; lastKnownFileType = text.plist.xml; path = Info.plist; sourceTree = "<group>"; };
		12A6DB382FB190ED0000A927 /* TextExpansionRule.swift */ = {isa = PBXFileReference; lastKnownFileType = sourcecode.swift; path = TextExpansionRule.swift; sourceTree = "<group>"; };
		12A6DB3A2FB191030000A927 /* TextExpander.swift */ = {isa = PBXFileReference; lastKnownFileType = sourcecode.swift; path = TextExpander.swift; sourceTree = "<group>"; };
		12B3CA852FB2C78E00C5F49A /* AboutSettingsView.swift */ = {isa = PBXFileReference; lastKnownFileType = sourcecode.swift; path = AboutSettingsView.swift; sourceTree = "<group>"; };
		12B3CA862FB2C78E00C5F49A /* AdvancedSettingsView.swift */ = {isa = PBXFileReference; lastKnownFileType = sourcecode.swift; path = AdvancedSettingsView.swift; sourceTree = "<group>"; };
		12B3CA872FB2C78E00C5F49A /* AppLaunchSettingsView.swift */ = {isa = PBXFileReference; lastKnownFileType = sourcecode.swift; path = AppLaunchSettingsView.swift; sourceTree = "<group>"; };
		12B3CA882FB2C78E00C5F49A /* AppSpecificSettingsView.swift */ = {isa = PBXFileReference; lastKnownFileType = sourcecode.swift; path = AppSpecificSettingsView.swift; sourceTree = "<group>"; };
		12B3CA892FB2C78E00C5F49A /* CustomShortcutsSettingsView.swift */ = {isa = PBXFileReference; lastKnownFileType = sourcecode.swift; path = CustomShortcutsSettingsView.swift; sourceTree = "<group>"; };
		12B3CA8A2FB2C78E00C5F49A /* DomainRuleSettingsView.swift */ = {isa = PBXFileReference; lastKnownFileType = sourcecode.swift; path = DomainRuleSettingsView.swift; sourceTree = "<group>"; };
		12B3CA8B2FB2C78E00C5F49A /* ExcludedAppsSettingsView.swift */ = {isa = PBXFileReference; lastKnownFileType = sourcecode.swift; path = ExcludedAppsSettingsView.swift; sourceTree = "<group>"; };
		12B3CA8C2FB2C78E00C5F49A /* GeneralSettingsView.swift */ = {isa = PBXFileReference; lastKnownFileType = sourcecode.swift; path = GeneralSettingsView.swift; sourceTree = "<group>"; };
		12B3CA8D2FB2C78E00C5F49A /* SettingsComponents.swift */ = {isa = PBXFileReference; lastKnownFileType = sourcecode.swift; path = SettingsComponents.swift; sourceTree = "<group>"; };
		12B3CA8E2FB2C78E00C5F49A /* StatsSettingsView.swift */ = {isa = PBXFileReference; lastKnownFileType = sourcecode.swift; path = StatsSettingsView.swift; sourceTree = "<group>"; };
		12B3CA8F2FB2C78E00C5F49A /* TextExpansionSettingsView.swift */ = {isa = PBXFileReference; lastKnownFileType = sourcecode.swift; path = TextExpansionSettingsView.swift; sourceTree = "<group>"; };
		12B3CA902FB2C78E00C5F49A /* TypoCorrectionSettingsView.swift */ = {isa = PBXFileReference; lastKnownFileType = sourcecode.swift; path = TypoCorrectionSettingsView.swift; sourceTree = "<group>"; };
		12B699562FA71E9D00F6B79D /* DomainRule.swift */ = {isa = PBXFileReference; lastKnownFileType = sourcecode.swift; path = DomainRule.swift; sourceTree = "<group>"; };
		12B699582FA71ED000F6B79D /* DomainRuleManager.swift */ = {isa = PBXFileReference; lastKnownFileType = sourcecode.swift; path = DomainRuleManager.swift; sourceTree = "<group>"; };
		12C6E7EF2FA579A6004C7A0A /* BrowserTabManager.swift */ = {isa = PBXFileReference; lastKnownFileType = sourcecode.swift; path = BrowserTabManager.swift; sourceTree = "<group>"; };
		12C737C72F9C5E5D00FF6CE1 /* WindowMonitor.swift */ = {isa = PBXFileReference; lastKnownFileType = sourcecode.swift; path = WindowMonitor.swift; sourceTree = "<group>"; };
		12C9C1F52F8B5FDA00A1A99E /* HUDManager.swift */ = {isa = PBXFileReference; lastKnownFileType = sourcecode.swift; path = HUDManager.swift; sourceTree = "<group>"; };
		12F0804F2F679423005A8424 /* ServiceManagement.framework */ = {isa = PBXFileReference; lastKnownFileType = wrapper.framework; name = ServiceManagement.framework; path = System/Library/Frameworks/ServiceManagement.framework; sourceTree = SDKROOT; };
		12F080512F67942F005A8424 /* Carbon.framework */ = {isa = PBXFileReference; lastKnownFileType = wrapper.framework; name = Carbon.framework; path = System/Library/Frameworks/Carbon.framework; sourceTree = SDKROOT; };
		12F1EF5A2F67B98A003B94B0 /* Localizable.xcstrings */ = {isa = PBXFileReference; lastKnownFileType = text.json.xcstrings; path = Localizable.xcstrings; sourceTree = "<group>"; };
		12F1EF5C2F67BDD3003B94B0 /* InfoPlist.xcstrings */ = {isa = PBXFileReference; lastKnownFileType = text.json.xcstrings; path = InfoPlist.xcstrings; sourceTree = "<group>"; };
		12FA98CD2FBD3DF2007698BE /* LangSwitcherTests.xctest */ = {isa = PBXFileReference; explicitFileType = wrapper.cfbundle; includeInIndex = 0; path = LangSwitcherTests.xctest; sourceTree = BUILT_PRODUCTS_DIR; };
/* End PBXFileReference section */

/* Begin PBXFileSystemSynchronizedRootGroup section */
		12FA98CE2FBD3DF2007698BE /* LangSwitcherTests */ = {
			isa = PBXFileSystemSynchronizedRootGroup;
			path = LangSwitcherTests;
			sourceTree = "<group>";
		};
/* End PBXFileSystemSynchronizedRootGroup section */

/* Begin PBXFrameworksBuildPhase section */
		129E051D2F657B5200F34ABE /* Frameworks */ = {
			isa = PBXFrameworksBuildPhase;
			buildActionMask = 2147483647;
			files = (
				12F080522F67942F005A8424 /* Carbon.framework in Frameworks */,
				12F080502F679423005A8424 /* ServiceManagement.framework in Frameworks */,
			);
			runOnlyForDeploymentPostprocessing = 0;
		};
		12FA98CA2FBD3DF2007698BE /* Frameworks */ = {
			isa = PBXFrameworksBuildPhase;
			buildActionMask = 2147483647;
			files = (
			);
			runOnlyForDeploymentPostprocessing = 0;
		};
/* End PBXFrameworksBuildPhase section */

/* Begin PBXGroup section */
		1214453D2FB1855F00BAD265 /* EventMonitor */ = {
			isa = PBXGroup;
			children = (
				121445422FB1866000BAD265 /* Simulation.swift */,
				121445402FB1864900BAD265 /* Handlers.swift */,
				1214453E2FB1863300BAD265 /* State.swift */,
			);
			path = EventMonitor;
			sourceTree = "<group>";
		};
		1220DB532FB15E6F00D8CEAD /* Intents */ = {
			isa = PBXGroup;
			children = (
				1220DB542FB15E8600D8CEAD /* LangSwitcherEnums.swift */,
				1220DB562FB15EB400D8CEAD /* LangSwitcherIntents.swift */,
				1220DB582FB15EEE00D8CEAD /* LangSwitcherShortcuts.swift */,
			);
			path = Intents;
			sourceTree = "<group>";
		};
		1241A8BE2FAEEC0F0078CD5F /* SettingsManager */ = {
			isa = PBXGroup;
			children = (
				1241A8C52FAEED760078CD5F /* Cache.swift */,
				1241A8C32FAEED2F0078CD5F /* Backup.swift */,
				1241A8C12FAEEC9E0078CD5F /* iCloud.swift */,
				1241A8BF2FAEEC1C0078CD5F /* SettingsModels.swift */,
			);
			path = SettingsManager;
			sourceTree = "<group>";
		};
		125FF4C92F657EFF005DAB0C /* App */ = {
			isa = PBXGroup;
			children = (
				125FF4D72F658041005DAB0C /* AppDelegate.swift */,
				125FF5092F658975005DAB0C /* LangSwitcherApp.swift */,
			);
			path = App;
			sourceTree = "<group>";
		};
		125FF4CA2F657F10005DAB0C /* Models */ = {
			isa = PBXGroup;
			children = (
				128CF91C2FB439AE00B9672C /* DecisionTraceManager */,
				1241A8BE2FAEEC0F0078CD5F /* SettingsManager */,
				128F407B2FB93C81009B58AF /* Snippet */,
				1261736A2FBAA757006D5EAE /* TextExpander */,
				125FF50B2F658D00005DAB0C /* AccessibilityManager.swift */,
				12C6E7EF2FA579A6004C7A0A /* BrowserTabManager.swift */,
				128CF91F2FB439EC00B9672C /* DecisionTraceManager.swift */,
				12B699562FA71E9D00F6B79D /* DomainRule.swift */,
				12B699582FA71ED000F6B79D /* DomainRuleManager.swift */,
				12C9C1F52F8B5FDA00A1A99E /* HUDManager.swift */,
				126A3D6C2F94673200DC62F0 /* HyperKeyManager.swift */,
				125FF4D12F657FDA005DAB0C /* InputSourceManager.swift */,
				129930792F679EBC00878827 /* SettingsManager.swift */,
				129D74D32FA4329100227AD9 /* StatsManager.swift */,
				12A6DB3A2FB191030000A927 /* TextExpander.swift */,
				12242E2C2F933CA300690095 /* TypoConverter.swift */,
				12744D562F89E66A0033C06A /* UpdateManager.swift */,
			);
			path = Models;
			sourceTree = "<group>";
		};
		125FF4CB2F657F1A005DAB0C /* Controllers */ = {
			isa = PBXGroup;
			children = (
				1214453D2FB1855F00BAD265 /* EventMonitor */,
				1257F0BE2F8742E500B8AFEE /* AppMonitor.swift */,
				126B6F3B2F9DD965000C9ABD /* EdgeGlowManager.swift */,
				125FF4D32F658001005DAB0C /* EventMonitor.swift */,
				122AA3F32F9DA6F5006297F4 /* SensoryFeedbackManager.swift */,
				121445442FB1868900BAD265 /* ShortcutRecorder.swift */,
				12C737C72F9C5E5D00FF6CE1 /* WindowMonitor.swift */,
			);
			path = Controllers;
			sourceTree = "<group>";
		};
		125FF4CC2F657F22005DAB0C /* Views */ = {
			isa = PBXGroup;
			children = (
				12B3CA9D2FB2DA3500C5F49A /* Settings */,
				125FF4D52F658024005DAB0C /* SettingsView.swift */,
			);
			path = Views;
			sourceTree = "<group>";
		};
		125FF4D92F6580DE005DAB0C /* AppIcon */ = {
			isa = PBXGroup;
			children = (
			);
			path = AppIcon;
			sourceTree = "<group>";
		};
		1261736A2FBAA757006D5EAE /* TextExpander */ = {
			isa = PBXGroup;
			children = (
				12A6DB382FB190ED0000A927 /* TextExpansionRule.swift */,
			);
			path = TextExpander;
			sourceTree = "<group>";
		};
		127329232FBFFE8100D85255 /* Utils */ = {
			isa = PBXGroup;
			children = (
				1222CD892FDD1E1600B85A36 /* InputLanguage.swift */,
				127329242FBFFEB900D85255 /* Logger.swift */,
			);
			path = Utils;
			sourceTree = "<group>";
		};
		1280BFF12FA1AFA6007FE696 /* Assets */ = {
			isa = PBXGroup;
			children = (
				1280BFF22FA1AFD7007FE696 /* Audiio */,
				125FF4D92F6580DE005DAB0C /* AppIcon */,
			);
			path = Assets;
			sourceTree = "<group>";
		};
		1280BFF22FA1AFD7007FE696 /* Audiio */ = {
			isa = PBXGroup;
			children = (
				122AA3EF2F9DA544006297F4 /* ClickHigh.mp3 */,
				122AA3F02F9DA544006297F4 /* ClickLow.mp3 */,
			);
			path = Audiio;
			sourceTree = "<group>";
		};
		128CF91C2FB439AE00B9672C /* DecisionTraceManager */ = {
			isa = PBXGroup;
			children = (
				128CF9212FB43A2600B9672C /* TraceFactory.swift */,
				128CF91D2FB439C200B9672C /* DecisionTrace.swift */,
			);
			path = DecisionTraceManager;
			sourceTree = "<group>";
		};
		128F407B2FB93C81009B58AF /* Snippet */ = {
			isa = PBXGroup;
			children = (
				128F40802FB93CCC009B58AF /* ClipboardProvider.swift */,
				128F407C2FB93CA3009B58AF /* SnippetModels.swift */,
				128F407E2FB93CBA009B58AF /* SnippetTemplateParser.swift */,
				128F40822FB93D45009B58AF /* SnippetVariableRenderer.swift */,
			);
			path = Snippet;
			sourceTree = "<group>";
		};
		129E05172F657B5200F34ABE = {
			isa = PBXGroup;
			children = (
				129E05312F657B6A00F34ABE /* LangSwitcher */,
				12FA98CE2FBD3DF2007698BE /* LangSwitcherTests */,
				12F0804E2F679423005A8424 /* Frameworks */,
				129E05212F657B5200F34ABE /* Products */,
			);
			sourceTree = "<group>";
		};
		129E05212F657B5200F34ABE /* Products */ = {
			isa = PBXGroup;
			children = (
				129E05202F657B5200F34ABE /* LangSwitcher.app */,
				12FA98CD2FBD3DF2007698BE /* LangSwitcherTests.xctest */,
			);
			name = Products;
			sourceTree = "<group>";
		};
		129E05312F657B6A00F34ABE /* LangSwitcher */ = {
			isa = PBXGroup;
			children = (
				129E05322F657E1600F34ABE /* Info.plist */,
				12F1EF5C2F67BDD3003B94B0 /* InfoPlist.xcstrings */,
				1239486B2F9C990D00980FAF /* LangSwitcher.entitlements */,
				12F1EF5A2F67B98A003B94B0 /* Localizable.xcstrings */,
				125FF4C92F657EFF005DAB0C /* App */,
				1280BFF12FA1AFA6007FE696 /* Assets */,
				129E052E2F657B6A00F34ABE /* Assets.xcassets */,
				125FF4CB2F657F1A005DAB0C /* Controllers */,
				1220DB532FB15E6F00D8CEAD /* Intents */,
				125FF4CA2F657F10005DAB0C /* Models */,
				127329232FBFFE8100D85255 /* Utils */,
				125FF4CC2F657F22005DAB0C /* Views */,
			);
			path = LangSwitcher;
			sourceTree = "<group>";
		};
		12B3CA9D2FB2DA3500C5F49A /* Settings */ = {
			isa = PBXGroup;
			children = (
				12B3CA852FB2C78E00C5F49A /* AboutSettingsView.swift */,
				12B3CA862FB2C78E00C5F49A /* AdvancedSettingsView.swift */,
				12B3CA872FB2C78E00C5F49A /* AppLaunchSettingsView.swift */,
				12B3CA882FB2C78E00C5F49A /* AppSpecificSettingsView.swift */,
				12B3CA892FB2C78E00C5F49A /* CustomShortcutsSettingsView.swift */,
				128CF9232FB43AE200B9672C /* DebuggerSettingsView.swift */,
				12B3CA8A2FB2C78E00C5F49A /* DomainRuleSettingsView.swift */,
				12B3CA8B2FB2C78E00C5F49A /* ExcludedAppsSettingsView.swift */,
				12B3CA8C2FB2C78E00C5F49A /* GeneralSettingsView.swift */,
				128F40842FB946BF009B58AF /* ProfileHeaderView.swift */,
				128F40862FB946E6009B58AF /* ProfileManagementView.swift */,
				1283B3582FB2F3FB00E04E2B /* RulePriorityView.swift */,
				12B3CA8D2FB2C78E00C5F49A /* SettingsComponents.swift */,
				12B3CA8E2FB2C78E00C5F49A /* StatsSettingsView.swift */,
				12B3CA8F2FB2C78E00C5F49A /* TextExpansionSettingsView.swift */,
				12B3CA902FB2C78E00C5F49A /* TypoCorrectionSettingsView.swift */,
			);
			path = Settings;
			sourceTree = "<group>";
		};
		12F0804E2F679423005A8424 /* Frameworks */ = {
			isa = PBXGroup;
			children = (
				12F080512F67942F005A8424 /* Carbon.framework */,
				12F0804F2F679423005A8424 /* ServiceManagement.framework */,
			);
			name = Frameworks;
			sourceTree = "<group>";
		};
/* End PBXGroup section */

/* Begin PBXNativeTarget section */
		129E051F2F657B5200F34ABE /* LangSwitcher */ = {
			isa = PBXNativeTarget;
			buildConfigurationList = 129E052B2F657B5400F34ABE /* Build configuration list for PBXNativeTarget "LangSwitcher" */;
			buildPhases = (
				129E051C2F657B5200F34ABE /* Sources */,
				129E051D2F657B5200F34ABE /* Frameworks */,
				129E051E2F657B5200F34ABE /* Resources */,
				1294CDBD2FD294D200F0DE11 /* ShellScript */,
			);
			buildRules = (
			);
			dependencies = (
			);
			name = LangSwitcher;
			packageProductDependencies = (
			);
			productName = LangSwitcher;
			productReference = 129E05202F657B5200F34ABE /* LangSwitcher.app */;
			productType = "com.apple.product-type.application";
		};
		12FA98CC2FBD3DF2007698BE /* LangSwitcherTests */ = {
			isa = PBXNativeTarget;
			buildConfigurationList = 12FA98D32FBD3DF2007698BE /* Build configuration list for PBXNativeTarget "LangSwitcherTests" */;
			buildPhases = (
				12FA98C92FBD3DF2007698BE /* Sources */,
				12FA98CA2FBD3DF2007698BE /* Frameworks */,
				12FA98CB2FBD3DF2007698BE /* Resources */,
			);
			buildRules = (
			);
			dependencies = (
				12FA98D22FBD3DF2007698BE /* PBXTargetDependency */,
			);
			fileSystemSynchronizedGroups = (
				12FA98CE2FBD3DF2007698BE /* LangSwitcherTests */,
			);
			name = LangSwitcherTests;
			packageProductDependencies = (
			);
			productName = LangSwitcherTests;
			productReference = 12FA98CD2FBD3DF2007698BE /* LangSwitcherTests.xctest */;
			productType = "com.apple.product-type.bundle.unit-test";
		};
/* End PBXNativeTarget section */

/* Begin PBXProject section */
		129E05182F657B5200F34ABE /* Project object */ = {
			isa = PBXProject;
			attributes = {
				BuildIndependentTargetsInParallel = 1;
				LastSwiftUpdateCheck = 2650;
				LastUpgradeCheck = 2650;
				TargetAttributes = {
					129E051F2F657B5200F34ABE = {
						CreatedOnToolsVersion = 26.3;
						LastSwiftMigration = 2630;
					};
					12FA98CC2FBD3DF2007698BE = {
						CreatedOnToolsVersion = 26.5;
						TestTargetID = 129E051F2F657B5200F34ABE;
					};
				};
			};
			buildConfigurationList = 129E051B2F657B5200F34ABE /* Build configuration list for PBXProject "LangSwitcher" */;
			developmentRegion = en;
			hasScannedForEncodings = 0;
			knownRegions = (
				en,
				Base,
				ko,
			);
			mainGroup = 129E05172F657B5200F34ABE;
			minimizedProjectReferenceProxies = 1;
			preferredProjectObjectVersion = 77;
			productRefGroup = 129E05212F657B5200F34ABE /* Products */;
			projectDirPath = "";
			projectRoot = "";
			targets = (
				129E051F2F657B5200F34ABE /* LangSwitcher */,
				12FA98CC2FBD3DF2007698BE /* LangSwitcherTests */,
			);
		};
/* End PBXProject section */

/* Begin PBXResourcesBuildPhase section */
		129E051E2F657B5200F34ABE /* Resources */ = {
			isa = PBXResourcesBuildPhase;
			buildActionMask = 2147483647;
			files = (
				12F1EF5D2F67BDD3003B94B0 /* InfoPlist.xcstrings in Resources */,
				12F1EF5B2F67B98A003B94B0 /* Localizable.xcstrings in Resources */,
				125FF5242F6599E0005DAB0C /* Assets.xcassets in Resources */,
				122AA3F12F9DA544006297F4 /* ClickHigh.mp3 in Resources */,
				122AA3F22F9DA544006297F4 /* ClickLow.mp3 in Resources */,
			);
			runOnlyForDeploymentPostprocessing = 0;
		};
		12FA98CB2FBD3DF2007698BE /* Resources */ = {
			isa = PBXResourcesBuildPhase;
			buildActionMask = 2147483647;
			files = (
			);
			runOnlyForDeploymentPostprocessing = 0;
		};
/* End PBXResourcesBuildPhase section */

/* Begin PBXShellScriptBuildPhase section */
		1294CDBD2FD294D200F0DE11 /* ShellScript */ = {
			isa = PBXShellScriptBuildPhase;
			alwaysOutOfDate = 1;
			buildActionMask = 2147483647;
			files = (
			);
			inputFileListPaths = (
			);
			inputPaths = (
			);
			outputFileListPaths = (
			);
			outputPaths = (
			);
			runOnlyForDeploymentPostprocessing = 0;
			shellPath = /bin/sh;
			shellScript = "# 🌟 Debug(개발) 빌드 모드일 때만 안전하게 TCC 장부를 포맷합니다.\nif [ \"$CONFIGURATION\" = \"Debug\" ]; then\n    echo \"🔄 [TCC_Reaper] 개발자 미서명 빌드로 인한 유령 권한 누적을 방지하기 위해 TCC 장부를 소각합니다.\"\n    \n    # 1. 손쉬운 사용(Accessibility) 권한 초기화\n    tccutil reset Accessibility \"$PRODUCT_BUNDLE_IDENTIFIER\"\n    \n    # 2. 입력 모니터링(Input Monitoring) 권한 초기화 (필요시 함께 동작)\n    tccutil reset ListenEvent \"$PRODUCT_BUNDLE_IDENTIFIER\"\n    tccutil reset PostEvent \"$PRODUCT_BUNDLE_IDENTIFIER\"\n    \n    echo \"✅ [TCC_Reaper] TCC 데이터베이스 초기화 완료: $PRODUCT_BUNDLE_IDENTIFIER\"\nfi\n";
		};
/* End PBXShellScriptBuildPhase section */

/* Begin PBXSourcesBuildPhase section */
		129E051C2F657B5200F34ABE /* Sources */ = {
			isa = PBXSourcesBuildPhase;
			buildActionMask = 2147483647;
			files = (
				122AA3F42F9DA713006297F4 /* SensoryFeedbackManager.swift in Sources */,
				125FF4D82F658041005DAB0C /* AppDelegate.swift in Sources */,
				128F407F2FB93CBD009B58AF /* SnippetTemplateParser.swift in Sources */,
				12C737C82F9C5E5F00FF6CE1 /* WindowMonitor.swift in Sources */,
				129D74D42FA4329400227AD9 /* StatsManager.swift in Sources */,
				128F40812FB93CCE009B58AF /* ClipboardProvider.swift in Sources */,
				1241A8C62FAEED780078CD5F /* Cache.swift in Sources */,
				12B699592FA71ED300F6B79D /* DomainRuleManager.swift in Sources */,
				126A3D6D2F94673500DC62F0 /* HyperKeyManager.swift in Sources */,
				125FF4D62F658024005DAB0C /* SettingsView.swift in Sources */,
				1241A8C22FAEECA10078CD5F /* iCloud.swift in Sources */,
				128F407D2FB93CA9009B58AF /* SnippetModels.swift in Sources */,
				125FF4D22F657FDA005DAB0C /* InputSourceManager.swift in Sources */,
				12242E2D2F933CA400690095 /* TypoConverter.swift in Sources */,
				1299307A2F679EBC00878827 /* SettingsManager.swift in Sources */,
				12A6DB392FB190F50000A927 /* TextExpansionRule.swift in Sources */,
				12C6E7F02FA579AA004C7A0A /* BrowserTabManager.swift in Sources */,
				1241A8C42FAEED310078CD5F /* Backup.swift in Sources */,
				1257F0BF2F8742E900B8AFEE /* AppMonitor.swift in Sources */,
				125FF4D42F658001005DAB0C /* EventMonitor.swift in Sources */,
				128CF9242FB43AE800B9672C /* DebuggerSettingsView.swift in Sources */,
				125FF50C2F658D00005DAB0C /* AccessibilityManager.swift in Sources */,
				1220DB572FB15EB600D8CEAD /* LangSwitcherIntents.swift in Sources */,
				12B3CA912FB2C78E00C5F49A /* AboutSettingsView.swift in Sources */,
				1283B3592FB2F3FC00E04E2B /* RulePriorityView.swift in Sources */,
				12B3CA922FB2C78E00C5F49A /* AdvancedSettingsView.swift in Sources */,
				12B3CA932FB2C78E00C5F49A /* AppLaunchSettingsView.swift in Sources */,
				12B3CA942FB2C78E00C5F49A /* AppSpecificSettingsView.swift in Sources */,
				12B3CA952FB2C78E00C5F49A /* CustomShortcutsSettingsView.swift in Sources */,
				12B3CA962FB2C78E00C5F49A /* DomainRuleSettingsView.swift in Sources */,
				12B3CA972FB2C78E00C5F49A /* ExcludedAppsSettingsView.swift in Sources */,
				12B3CA982FB2C78E00C5F49A /* GeneralSettingsView.swift in Sources */,
				128CF9202FB439F100B9672C /* DecisionTraceManager.swift in Sources */,
				12B3CA992FB2C78E00C5F49A /* SettingsComponents.swift in Sources */,
				12B3CA9A2FB2C78E00C5F49A /* StatsSettingsView.swift in Sources */,
				12B3CA9B2FB2C78E00C5F49A /* TextExpansionSettingsView.swift in Sources */,
				12B3CA9C2FB2C78E00C5F49A /* TypoCorrectionSettingsView.swift in Sources */,
				125FF50A2F658975005DAB0C /* LangSwitcherApp.swift in Sources */,
				126B6F3C2F9DD96A000C9ABD /* EdgeGlowManager.swift in Sources */,
				127329252FBFFEBE00D85255 /* Logger.swift in Sources */,
				1220DB592FB15EF100D8CEAD /* LangSwitcherShortcuts.swift in Sources */,
				128CF9222FB43A2900B9672C /* TraceFactory.swift in Sources */,
				1241A8C02FAEEC1E0078CD5F /* SettingsModels.swift in Sources */,
				12744D572F89E66C0033C06A /* UpdateManager.swift in Sources */,
				128CF91E2FB439C600B9672C /* DecisionTrace.swift in Sources */,
				128F40832FB93D48009B58AF /* SnippetVariableRenderer.swift in Sources */,
				12C9C1F62F8B5FDE00A1A99E /* HUDManager.swift in Sources */,
				12B699572FA71EA800F6B79D /* DomainRule.swift in Sources */,
				128F40872FB946EA009B58AF /* ProfileManagementView.swift in Sources */,
				121445462FB1879F00BAD265 /* Simulation.swift in Sources */,
				121445472FB1879F00BAD265 /* ShortcutRecorder.swift in Sources */,
				1222CD8A2FDD1E1800B85A36 /* InputLanguage.swift in Sources */,
				128F40852FB946C1009B58AF /* ProfileHeaderView.swift in Sources */,
				121445482FB1879F00BAD265 /* State.swift in Sources */,
				121445492FB1879F00BAD265 /* Handlers.swift in Sources */,
				12A6DB3B2FB191230000A927 /* TextExpander.swift in Sources */,
				1220DB552FB15E8C00D8CEAD /* LangSwitcherEnums.swift in Sources */,
			);
			runOnlyForDeploymentPostprocessing = 0;
		};
		12FA98C92FBD3DF2007698BE /* Sources */ = {
			isa = PBXSourcesBuildPhase;
			buildActionMask = 2147483647;
			files = (
			);
			runOnlyForDeploymentPostprocessing = 0;
		};
/* End PBXSourcesBuildPhase section */

/* Begin PBXTargetDependency section */
		12FA98D22FBD3DF2007698BE /* PBXTargetDependency */ = {
			isa = PBXTargetDependency;
			target = 129E051F2F657B5200F34ABE /* LangSwitcher */;
			targetProxy = 12FA98D12FBD3DF2007698BE /* PBXContainerItemProxy */;
		};
/* End PBXTargetDependency section */

/* Begin XCBuildConfiguration section */
		129E05292F657B5400F34ABE /* Debug */ = {
			isa = XCBuildConfiguration;
			buildSettings = {
				ALWAYS_SEARCH_USER_PATHS = NO;
				ASSETCATALOG_COMPILER_GENERATE_SWIFT_ASSET_SYMBOL_EXTENSIONS = YES;
				CLANG_ANALYZER_LOCALIZABILITY_NONLOCALIZED = YES;
				CLANG_ANALYZER_NONNULL = YES;
				CLANG_ANALYZER_NUMBER_OBJECT_CONVERSION = YES_AGGRESSIVE;
				CLANG_CXX_LANGUAGE_STANDARD = "gnu++20";
				CLANG_ENABLE_MODULES = YES;
				CLANG_ENABLE_OBJC_ARC = YES;
				CLANG_ENABLE_OBJC_WEAK = YES;
				CLANG_WARN_BLOCK_CAPTURE_AUTORELEASING = YES;
				CLANG_WARN_BOOL_CONVERSION = YES;
				CLANG_WARN_COMMA = YES;
				CLANG_WARN_CONSTANT_CONVERSION = YES;
				CLANG_WARN_DEPRECATED_OBJC_IMPLEMENTATIONS = YES;
				CLANG_WARN_DIRECT_OBJC_ISA_USAGE = YES_ERROR;
				CLANG_WARN_DOCUMENTATION_COMMENTS = YES;
				CLANG_WARN_EMPTY_BODY = YES;
				CLANG_WARN_ENUM_CONVERSION = YES;
				CLANG_WARN_INFINITE_RECURSION = YES;
				CLANG_WARN_INT_CONVERSION = YES;
				CLANG_WARN_NON_LITERAL_NULL_CONVERSION = YES;
				CLANG_WARN_OBJC_IMPLICIT_RETAIN_SELF = YES;
				CLANG_WARN_OBJC_LITERAL_CONVERSION = YES;
				CLANG_WARN_OBJC_ROOT_CLASS = YES_ERROR;
				CLANG_WARN_QUOTED_INCLUDE_IN_FRAMEWORK_HEADER = YES;
				CLANG_WARN_RANGE_LOOP_ANALYSIS = YES;
				CLANG_WARN_STRICT_PROTOTYPES = YES;
				CLANG_WARN_SUSPICIOUS_MOVE = YES;
				CLANG_WARN_UNGUARDED_AVAILABILITY = YES_AGGRESSIVE;
				CLANG_WARN_UNREACHABLE_CODE = YES;
				CLANG_WARN__DUPLICATE_METHOD_MATCH = YES;
				COPY_PHASE_STRIP = NO;
				DEAD_CODE_STRIPPING = YES;
				DEBUG_INFORMATION_FORMAT = dwarf;
				DEVELOPMENT_TEAM = 8P729AC286;
				ENABLE_STRICT_OBJC_MSGSEND = YES;
				ENABLE_TESTABILITY = YES;
				ENABLE_USER_SCRIPT_SANDBOXING = YES;
				EXCLUDED_ARCHS = x86_64;
				GCC_C_LANGUAGE_STANDARD = gnu17;
				GCC_DYNAMIC_NO_PIC = NO;
				GCC_NO_COMMON_BLOCKS = YES;
				GCC_OPTIMIZATION_LEVEL = 0;
				GCC_PREPROCESSOR_DEFINITIONS = (
					"DEBUG=1",
					"$(inherited)",
				);
				GCC_WARN_64_TO_32_BIT_CONVERSION = YES;
				GCC_WARN_ABOUT_RETURN_TYPE = YES_ERROR;
				GCC_WARN_UNDECLARED_SELECTOR = YES;
				GCC_WARN_UNINITIALIZED_AUTOS = YES_AGGRESSIVE;
				GCC_WARN_UNUSED_FUNCTION = YES;
				GCC_WARN_UNUSED_VARIABLE = YES;
				LOCALIZATION_PREFERS_STRING_CATALOGS = YES;
				MACOSX_DEPLOYMENT_TARGET = 13.5;
				MTL_ENABLE_DEBUG_INFO = INCLUDE_SOURCE;
				MTL_FAST_MATH = YES;
				ONLY_ACTIVE_ARCH = YES;
				OTHER_LDFLAGS = "";
				SDKROOT = macosx;
				STRING_CATALOG_GENERATE_SYMBOLS = YES;
				SWIFT_ACTIVE_COMPILATION_CONDITIONS = "DEBUG $(inherited)";
				SWIFT_EMIT_LOC_STRINGS = YES;
				SWIFT_OPTIMIZATION_LEVEL = "-Onone";
			};
			name = Debug;
		};
		129E052A2F657B5400F34ABE /* Release */ = {
			isa = XCBuildConfiguration;
			buildSettings = {
				ALWAYS_SEARCH_USER_PATHS = NO;
				ASSETCATALOG_COMPILER_GENERATE_SWIFT_ASSET_SYMBOL_EXTENSIONS = YES;
				CLANG_ANALYZER_LOCALIZABILITY_NONLOCALIZED = YES;
				CLANG_ANALYZER_NONNULL = YES;
				CLANG_ANALYZER_NUMBER_OBJECT_CONVERSION = YES_AGGRESSIVE;
				CLANG_CXX_LANGUAGE_STANDARD = "gnu++20";
				CLANG_ENABLE_MODULES = YES;
				CLANG_ENABLE_OBJC_ARC = YES;
				CLANG_ENABLE_OBJC_WEAK = YES;
				CLANG_WARN_BLOCK_CAPTURE_AUTORELEASING = YES;
				CLANG_WARN_BOOL_CONVERSION = YES;
				CLANG_WARN_COMMA = YES;
				CLANG_WARN_CONSTANT_CONVERSION = YES;
				CLANG_WARN_DEPRECATED_OBJC_IMPLEMENTATIONS = YES;
				CLANG_WARN_DIRECT_OBJC_ISA_USAGE = YES_ERROR;
				CLANG_WARN_DOCUMENTATION_COMMENTS = YES;
				CLANG_WARN_EMPTY_BODY = YES;
				CLANG_WARN_ENUM_CONVERSION = YES;
				CLANG_WARN_INFINITE_RECURSION = YES;
				CLANG_WARN_INT_CONVERSION = YES;
				CLANG_WARN_NON_LITERAL_NULL_CONVERSION = YES;
				CLANG_WARN_OBJC_IMPLICIT_RETAIN_SELF = YES;
				CLANG_WARN_OBJC_LITERAL_CONVERSION = YES;
				CLANG_WARN_OBJC_ROOT_CLASS = YES_ERROR;
				CLANG_WARN_QUOTED_INCLUDE_IN_FRAMEWORK_HEADER = YES;
				CLANG_WARN_RANGE_LOOP_ANALYSIS = YES;
				CLANG_WARN_STRICT_PROTOTYPES = YES;
				CLANG_WARN_SUSPICIOUS_MOVE = YES;
				CLANG_WARN_UNGUARDED_AVAILABILITY = YES_AGGRESSIVE;
				CLANG_WARN_UNREACHABLE_CODE = YES;
				CLANG_WARN__DUPLICATE_METHOD_MATCH = YES;
				COPY_PHASE_STRIP = NO;
				DEAD_CODE_STRIPPING = YES;
				DEBUG_INFORMATION_FORMAT = "dwarf-with-dsym";
				DEVELOPMENT_TEAM = 8P729AC286;
				ENABLE_NS_ASSERTIONS = NO;
				ENABLE_STRICT_OBJC_MSGSEND = YES;
				ENABLE_USER_SCRIPT_SANDBOXING = YES;
				EXCLUDED_ARCHS = x86_64;
				GCC_C_LANGUAGE_STANDARD = gnu17;
				GCC_NO_COMMON_BLOCKS = YES;
				GCC_WARN_64_TO_32_BIT_CONVERSION = YES;
				GCC_WARN_ABOUT_RETURN_TYPE = YES_ERROR;
				GCC_WARN_UNDECLARED_SELECTOR = YES;
				GCC_WARN_UNINITIALIZED_AUTOS = YES_AGGRESSIVE;
				GCC_WARN_UNUSED_FUNCTION = YES;
				GCC_WARN_UNUSED_VARIABLE = YES;
				LOCALIZATION_PREFERS_STRING_CATALOGS = YES;
				MACOSX_DEPLOYMENT_TARGET = 13.5;
				MTL_ENABLE_DEBUG_INFO = NO;
				MTL_FAST_MATH = YES;
				ONLY_ACTIVE_ARCH = NO;
				OTHER_LDFLAGS = "";
				SDKROOT = macosx;
				STRING_CATALOG_GENERATE_SYMBOLS = YES;
				SWIFT_COMPILATION_MODE = wholemodule;
				SWIFT_EMIT_LOC_STRINGS = YES;
			};
			name = Release;
		};
		129E052C2F657B5400F34ABE /* Debug */ = {
			isa = XCBuildConfiguration;
			buildSettings = {
				ASSETCATALOG_COMPILER_APPICON_NAME = AppIcon;
				ASSETCATALOG_COMPILER_GLOBAL_ACCENT_COLOR_NAME = AccentColor;
				CLANG_ENABLE_MODULES = YES;
				CODE_SIGN_ENTITLEMENTS = LangSwitcher/LangSwitcher.entitlements;
				"CODE_SIGN_IDENTITY[sdk=macosx*]" = "Apple Development";
				CODE_SIGN_STYLE = Automatic;
				COMBINE_HIDPI_IMAGES = YES;
				CURRENT_PROJECT_VERSION = 1;
				ENABLE_APP_SANDBOX = NO;
				ENABLE_PREVIEWS = YES;
				GENERATE_INFOPLIST_FILE = YES;
				INFOPLIST_FILE = LangSwitcher/Info.plist;
				INFOPLIST_KEY_LSApplicationCategoryType = "public.app-category.productivity";
				INFOPLIST_KEY_LSUIElement = YES;
				INFOPLIST_KEY_NSHumanReadableCopyright = "";
				LD_RUNPATH_SEARCH_PATHS = (
					"$(inherited)",
					"@executable_path/../Frameworks",
				);
				MACOSX_DEPLOYMENT_TARGET = 13.5;
				MARKETING_VERSION = 0.9.3;
				ONLY_ACTIVE_ARCH = NO;
				OTHER_LDFLAGS = "";
				PRODUCT_BUNDLE_IDENTIFIER = com.peepboy.LangSwitcher;
				PRODUCT_NAME = "$(TARGET_NAME)";
				REGISTER_APP_GROUPS = YES;
				STRING_CATALOG_GENERATE_SYMBOLS = YES;
				SWIFT_APPROACHABLE_CONCURRENCY = YES;
				SWIFT_DEFAULT_ACTOR_ISOLATION = MainActor;
				SWIFT_EMIT_LOC_STRINGS = YES;
				SWIFT_OBJC_BRIDGING_HEADER = "";
				SWIFT_OPTIMIZATION_LEVEL = "-Onone";
				SWIFT_UPCOMING_FEATURE_MEMBER_IMPORT_VISIBILITY = YES;
				SWIFT_VERSION = 5.0;
			};
			name = Debug;
		};
		129E052D2F657B5400F34ABE /* Release */ = {
			isa = XCBuildConfiguration;
			buildSettings = {
				ASSETCATALOG_COMPILER_APPICON_NAME = AppIcon;
				ASSETCATALOG_COMPILER_GLOBAL_ACCENT_COLOR_NAME = AccentColor;
				CLANG_ENABLE_MODULES = YES;
				CODE_SIGN_ENTITLEMENTS = LangSwitcher/LangSwitcher.entitlements;
				"CODE_SIGN_IDENTITY[sdk=macosx*]" = "Apple Development";
				CODE_SIGN_STYLE = Automatic;
				COMBINE_HIDPI_IMAGES = YES;
				CURRENT_PROJECT_VERSION = 1;
				ENABLE_APP_SANDBOX = NO;
				ENABLE_PREVIEWS = YES;
				GENERATE_INFOPLIST_FILE = YES;
				INFOPLIST_FILE = LangSwitcher/Info.plist;
				INFOPLIST_KEY_LSApplicationCategoryType = "public.app-category.productivity";
				INFOPLIST_KEY_LSUIElement = YES;
				INFOPLIST_KEY_NSHumanReadableCopyright = "";
				LD_RUNPATH_SEARCH_PATHS = (
					"$(inherited)",
					"@executable_path/../Frameworks",
				);
				MACOSX_DEPLOYMENT_TARGET = 13.5;
				MARKETING_VERSION = 0.9.3;
				ONLY_ACTIVE_ARCH = NO;
				OTHER_LDFLAGS = "";
				PRODUCT_BUNDLE_IDENTIFIER = com.peepboy.LangSwitcher;
				PRODUCT_NAME = "$(TARGET_NAME)";
				REGISTER_APP_GROUPS = YES;
				STRING_CATALOG_GENERATE_SYMBOLS = YES;
				SWIFT_APPROACHABLE_CONCURRENCY = YES;
				SWIFT_DEFAULT_ACTOR_ISOLATION = MainActor;
				SWIFT_EMIT_LOC_STRINGS = YES;
				SWIFT_OBJC_BRIDGING_HEADER = "";
				SWIFT_UPCOMING_FEATURE_MEMBER_IMPORT_VISIBILITY = YES;
				SWIFT_VERSION = 5.0;
			};
			name = Release;
		};
		12FA98D42FBD3DF2007698BE /* Debug */ = {
			isa = XCBuildConfiguration;
			buildSettings = {
				BUNDLE_LOADER = "$(TEST_HOST)";
				CODE_SIGN_STYLE = Automatic;
				CURRENT_PROJECT_VERSION = 1;
				DEVELOPMENT_TEAM = 8P729AC286;
				GENERATE_INFOPLIST_FILE = YES;
				MACOSX_DEPLOYMENT_TARGET = 26.5;
				MARKETING_VERSION = 1.0;
				PRODUCT_BUNDLE_IDENTIFIER = peepboy.LangSwitcherTests;
				PRODUCT_NAME = "$(TARGET_NAME)";
				STRING_CATALOG_GENERATE_SYMBOLS = NO;
				SWIFT_APPROACHABLE_CONCURRENCY = YES;
				SWIFT_EMIT_LOC_STRINGS = NO;
				SWIFT_UPCOMING_FEATURE_MEMBER_IMPORT_VISIBILITY = YES;
				SWIFT_VERSION = 5.0;
				TEST_HOST = "$(BUILT_PRODUCTS_DIR)/LangSwitcher.app/$(BUNDLE_EXECUTABLE_FOLDER_PATH)/LangSwitcher";
			};
			name = Debug;
		};
		12FA98D52FBD3DF2007698BE /* Release */ = {
			isa = XCBuildConfiguration;
			buildSettings = {
				BUNDLE_LOADER = "$(TEST_HOST)";
				CODE_SIGN_STYLE = Automatic;
				CURRENT_PROJECT_VERSION = 1;
				DEVELOPMENT_TEAM = 8P729AC286;
				GENERATE_INFOPLIST_FILE = YES;
				MACOSX_DEPLOYMENT_TARGET = 26.5;
				MARKETING_VERSION = 1.0;
				PRODUCT_BUNDLE_IDENTIFIER = peepboy.LangSwitcherTests;
				PRODUCT_NAME = "$(TARGET_NAME)";
				STRING_CATALOG_GENERATE_SYMBOLS = NO;
				SWIFT_APPROACHABLE_CONCURRENCY = YES;
				SWIFT_EMIT_LOC_STRINGS = NO;
				SWIFT_UPCOMING_FEATURE_MEMBER_IMPORT_VISIBILITY = YES;
				SWIFT_VERSION = 5.0;
				TEST_HOST = "$(BUILT_PRODUCTS_DIR)/LangSwitcher.app/$(BUNDLE_EXECUTABLE_FOLDER_PATH)/LangSwitcher";
			};
			name = Release;
		};
/* End XCBuildConfiguration section */

/* Begin XCConfigurationList section */
		129E051B2F657B5200F34ABE /* Build configuration list for PBXProject "LangSwitcher" */ = {
			isa = XCConfigurationList;
			buildConfigurations = (
				129E05292F657B5400F34ABE /* Debug */,
				129E052A2F657B5400F34ABE /* Release */,
			);
			defaultConfigurationIsVisible = 0;
			defaultConfigurationName = Release;
		};
		129E052B2F657B5400F34ABE /* Build configuration list for PBXNativeTarget "LangSwitcher" */ = {
			isa = XCConfigurationList;
			buildConfigurations = (
				129E052C2F657B5400F34ABE /* Debug */,
				129E052D2F657B5400F34ABE /* Release */,
			);
			defaultConfigurationIsVisible = 0;
			defaultConfigurationName = Release;
		};
		12FA98D32FBD3DF2007698BE /* Build configuration list for PBXNativeTarget "LangSwitcherTests" */ = {
			isa = XCConfigurationList;
			buildConfigurations = (
				12FA98D42FBD3DF2007698BE /* Debug */,
				12FA98D52FBD3DF2007698BE /* Release */,
			);
			defaultConfigurationIsVisible = 0;
			defaultConfigurationName = Release;
		};
/* End XCConfigurationList section */
	};
	rootObject = 129E05182F657B5200F34ABE /* Project object */;
}
